// !$*UTF8*$!
{
	archiveVersion = 1;
	classes = {
	};
	objectVersion = 56;
	objects = {

/* Begin PBXBuildFile section */
		20118A112B56A86100B2569E /* ConsumeViewController.swift in Sources */ = {isa = PBXBuildFile; fileRef = 20118A102B56A86100B2569E /* ConsumeViewController.swift */; };
		206C58D42B623C43008410C1 /* CategoryCell.swift in Sources */ = {isa = PBXBuildFile; fileRef = 206C58D32B623C43008410C1 /* CategoryCell.swift */; };
		206C58D82B626465008410C1 /* CategoryModalViewController.swift in Sources */ = {isa = PBXBuildFile; fileRef = 206C58D72B626465008410C1 /* CategoryModalViewController.swift */; };
		206C58DF2B6306FE008410C1 /* CalendartModalViewController.swift in Sources */ = {isa = PBXBuildFile; fileRef = 206C58DE2B6306FE008410C1 /* CalendartModalViewController.swift */; };
		208C908F2B6AB78900C67960 /* MufflerAPI.swift in Sources */ = {isa = PBXBuildFile; fileRef = 208C908E2B6AB78900C67960 /* MufflerAPI.swift */; };
		208C90912B6AB7A200C67960 /* MufflerViewModel.swift in Sources */ = {isa = PBXBuildFile; fileRef = 208C90902B6AB7A200C67960 /* MufflerViewModel.swift */; };
		208C90932B6AB7DA00C67960 /* ConnectModel.swift in Sources */ = {isa = PBXBuildFile; fileRef = 208C90922B6AB7DA00C67960 /* ConnectModel.swift */; };
		20AFDD8D2B6418A6008F8AB9 /* RepeatModalViewController.swift in Sources */ = {isa = PBXBuildFile; fileRef = 20AFDD8C2B6418A6008F8AB9 /* RepeatModalViewController.swift */; };
		20AFDD8F2B654CB4008F8AB9 /* ChooseDayView.swift in Sources */ = {isa = PBXBuildFile; fileRef = 20AFDD8E2B654CB4008F8AB9 /* ChooseDayView.swift */; };
		20AFDD912B656034008F8AB9 /* OneDayButton.swift in Sources */ = {isa = PBXBuildFile; fileRef = 20AFDD902B656034008F8AB9 /* OneDayButton.swift */; };
		20AFDD932B659779008F8AB9 /* RepeatIntervalViewController.swift in Sources */ = {isa = PBXBuildFile; fileRef = 20AFDD922B659779008F8AB9 /* RepeatIntervalViewController.swift */; };
		20AFDD952B65B882008F8AB9 /* ChooseDateView.swift in Sources */ = {isa = PBXBuildFile; fileRef = 20AFDD942B65B882008F8AB9 /* ChooseDateView.swift */; };
		20EF782D2B68CEA700AA135E /* AddCategoryViewController.swift in Sources */ = {isa = PBXBuildFile; fileRef = 20EF782C2B68CEA700AA135E /* AddCategoryViewController.swift */; };
		20EF78312B68E3AD00AA135E /* MyPageTableViewCell.swift in Sources */ = {isa = PBXBuildFile; fileRef = 20EF78302B68E3AD00AA135E /* MyPageTableViewCell.swift */; };
		552A423E2B671B86007AEAAD /* EditGoalViewController.swift in Sources */ = {isa = PBXBuildFile; fileRef = 552A423D2B671B86007AEAAD /* EditGoalViewController.swift */; };
		5591601C2B64595E00063F06 /* EvaluationViewController.swift in Sources */ = {isa = PBXBuildFile; fileRef = 5591601B2B64595E00063F06 /* EvaluationViewController.swift */; };
		7A4C67392B5A4A49008BCAC9 /* MPLabel.swift in Sources */ = {isa = PBXBuildFile; fileRef = 7A4C67382B5A4A49008BCAC9 /* MPLabel.swift */; };
		7A4C673B2B5A4A8D008BCAC9 /* DescriptionView.swift in Sources */ = {isa = PBXBuildFile; fileRef = 7A4C673A2B5A4A8D008BCAC9 /* DescriptionView.swift */; };
		7A4C673D2B5A4AAF008BCAC9 /* SubDescriptionView.swift in Sources */ = {isa = PBXBuildFile; fileRef = 7A4C673C2B5A4AAF008BCAC9 /* SubDescriptionView.swift */; };
		7A4C673F2B5A4AC9008BCAC9 /* CheckBtn.swift in Sources */ = {isa = PBXBuildFile; fileRef = 7A4C673E2B5A4AC9008BCAC9 /* CheckBtn.swift */; };
		7A4C67412B5A4AF1008BCAC9 /* MainBottomBtn.swift in Sources */ = {isa = PBXBuildFile; fileRef = 7A4C67402B5A4AF1008BCAC9 /* MainBottomBtn.swift */; };
		7A4C67432B5A4B22008BCAC9 /* SmallButtonView.swift in Sources */ = {isa = PBXBuildFile; fileRef = 7A4C67422B5A4B22008BCAC9 /* SmallButtonView.swift */; };
		7A4C67462B5A4B77008BCAC9 /* MainTextField.swift in Sources */ = {isa = PBXBuildFile; fileRef = 7A4C67452B5A4B77008BCAC9 /* MainTextField.swift */; };
		7A610AB82B47FA8E00D3096F /* AppDelegate.swift in Sources */ = {isa = PBXBuildFile; fileRef = 7A610AB72B47FA8E00D3096F /* AppDelegate.swift */; };
		7A610ABA2B47FA8E00D3096F /* SceneDelegate.swift in Sources */ = {isa = PBXBuildFile; fileRef = 7A610AB92B47FA8E00D3096F /* SceneDelegate.swift */; };
		7A610ABC2B47FA8E00D3096F /* LoginViewController.swift in Sources */ = {isa = PBXBuildFile; fileRef = 7A610ABB2B47FA8E00D3096F /* LoginViewController.swift */; };
		7A610AC12B47FA8F00D3096F /* Assets.xcassets in Resources */ = {isa = PBXBuildFile; fileRef = 7A610AC02B47FA8F00D3096F /* Assets.xcassets */; };
		7A610AC42B47FA8F00D3096F /* LaunchScreen.storyboard in Resources */ = {isa = PBXBuildFile; fileRef = 7A610AC22B47FA8F00D3096F /* LaunchScreen.storyboard */; };
		7A610AD22B49004200D3096F /* MyPageViewController.swift in Sources */ = {isa = PBXBuildFile; fileRef = 7A610AD12B49004200D3096F /* MyPageViewController.swift */; };
		7A610AD62B49007100D3096F /* BattleViewController.swift in Sources */ = {isa = PBXBuildFile; fileRef = 7A610AD52B49007100D3096F /* BattleViewController.swift */; };
		7A610AD92B49009300D3096F /* HomeViewController.swift in Sources */ = {isa = PBXBuildFile; fileRef = 7A610AD82B49009300D3096F /* HomeViewController.swift */; };
		7A610ADC2B4900C800D3096F /* CombineMoya in Frameworks */ = {isa = PBXBuildFile; productRef = 7A610ADB2B4900C800D3096F /* CombineMoya */; };
		7A610ADE2B4900C800D3096F /* Moya in Frameworks */ = {isa = PBXBuildFile; productRef = 7A610ADD2B4900C800D3096F /* Moya */; };
		7A610AE02B4900C800D3096F /* ReactiveMoya in Frameworks */ = {isa = PBXBuildFile; productRef = 7A610ADF2B4900C800D3096F /* ReactiveMoya */; };
		7A610AE22B4900C800D3096F /* RxMoya in Frameworks */ = {isa = PBXBuildFile; productRef = 7A610AE12B4900C800D3096F /* RxMoya */; };
		7A610AE52B491ED600D3096F /* Dummy.swift in Sources */ = {isa = PBXBuildFile; fileRef = 7A610AE42B491ED600D3096F /* Dummy.swift */; };
		7A610AE72B491F1600D3096F /* HeaderView.swift in Sources */ = {isa = PBXBuildFile; fileRef = 7A610AE62B491F1600D3096F /* HeaderView.swift */; };
		7A610AEA2B493EC900D3096F /* MakeGoalViewController.swift in Sources */ = {isa = PBXBuildFile; fileRef = 7A610AE92B493EC900D3096F /* MakeGoalViewController.swift */; };
		7A610AEE2B493F6D00D3096F /* RegisterUsageViewController.swift in Sources */ = {isa = PBXBuildFile; fileRef = 7A610AED2B493F6D00D3096F /* RegisterUsageViewController.swift */; };
		7A610AF02B49414100D3096F /* RegisterProfileViewController.swift in Sources */ = {isa = PBXBuildFile; fileRef = 7A610AEF2B49414100D3096F /* RegisterProfileViewController.swift */; };
		7A610AF22B49421F00D3096F /* KakaoLoginViewController.swift in Sources */ = {isa = PBXBuildFile; fileRef = 7A610AF12B49421F00D3096F /* KakaoLoginViewController.swift */; };
		7A610AF42B49422E00D3096F /* AppleLoginViewController.swift in Sources */ = {isa = PBXBuildFile; fileRef = 7A610AF32B49422E00D3096F /* AppleLoginViewController.swift */; };
		7AC060FF2B4C5D78008C0E63 /* Design.swift in Sources */ = {isa = PBXBuildFile; fileRef = 7AC060FE2B4C5D78008C0E63 /* Design.swift */; };
		D20D6FDA2B581A05006D6762 /* CustomTabBarController.swift in Sources */ = {isa = PBXBuildFile; fileRef = D20D6FD92B581A05006D6762 /* CustomTabBarController.swift */; };
		D20D6FDC2B581A5A006D6762 /* UITabBar.swift in Sources */ = {isa = PBXBuildFile; fileRef = D20D6FDB2B581A5A006D6762 /* UITabBar.swift */; };
		D20D6FDE2B581B20006D6762 /* CALayer.swift in Sources */ = {isa = PBXBuildFile; fileRef = D20D6FDD2B581B20006D6762 /* CALayer.swift */; };
		D20D6FE32B5AED6A006D6762 /* String.swift in Sources */ = {isa = PBXBuildFile; fileRef = D20D6FE22B5AED6A006D6762 /* String.swift */; };
		D20D6FE52B5AEECB006D6762 /* Date.swift in Sources */ = {isa = PBXBuildFile; fileRef = D20D6FE42B5AEECB006D6762 /* Date.swift */; };
		D20D6FE92B5AF1E9006D6762 /* MainMonthView.swift in Sources */ = {isa = PBXBuildFile; fileRef = D20D6FE82B5AF1E9006D6762 /* MainMonthView.swift */; };
		D20D6FEB2B5AF62E006D6762 /* MainWeekDayView.swift in Sources */ = {isa = PBXBuildFile; fileRef = D20D6FEA2B5AF62D006D6762 /* MainWeekDayView.swift */; };
		D20D6FED2B5B9962006D6762 /* MainCalendarView.swift in Sources */ = {isa = PBXBuildFile; fileRef = D20D6FEC2B5B9962006D6762 /* MainCalendarView.swift */; };
		D20D6FEF2B5D3909006D6762 /* UIColor.swift in Sources */ = {isa = PBXBuildFile; fileRef = D20D6FEE2B5D3909006D6762 /* UIColor.swift */; };
		D20D6FF12B5D6635006D6762 /* CategoryButton.swift in Sources */ = {isa = PBXBuildFile; fileRef = D20D6FF02B5D6635006D6762 /* CategoryButton.swift */; };
		D20D6FF32B5D67B1006D6762 /* Category.swift in Sources */ = {isa = PBXBuildFile; fileRef = D20D6FF22B5D67B1006D6762 /* Category.swift */; };
		D20D6FF52B5E5B91006D6762 /* ToggleButton.swift in Sources */ = {isa = PBXBuildFile; fileRef = D20D6FF42B5E5B91006D6762 /* ToggleButton.swift */; };
		D20D6FF82B5E974D006D6762 /* MainStatistics.swift in Sources */ = {isa = PBXBuildFile; fileRef = D20D6FF72B5E974D006D6762 /* MainStatistics.swift */; };
		D20D6FFA2B5FB971006D6762 /* HomeConsumeView.swift in Sources */ = {isa = PBXBuildFile; fileRef = D20D6FF92B5FB971006D6762 /* HomeConsumeView.swift */; };
		D20D6FFC2B5FDF00006D6762 /* DailyConsume.swift in Sources */ = {isa = PBXBuildFile; fileRef = D20D6FFB2B5FDF00006D6762 /* DailyConsume.swift */; };
		D20D6FFE2B5FDF4C006D6762 /* ConsumeDetail.swift in Sources */ = {isa = PBXBuildFile; fileRef = D20D6FFD2B5FDF4C006D6762 /* ConsumeDetail.swift */; };
		D20D70022B5FF088006D6762 /* Formatter.swift in Sources */ = {isa = PBXBuildFile; fileRef = D20D70012B5FF088006D6762 /* Formatter.swift */; };
		D20D70042B5FF094006D6762 /* Numeric.swift in Sources */ = {isa = PBXBuildFile; fileRef = D20D70032B5FF094006D6762 /* Numeric.swift */; };
		D20D700D2B611EE3006D6762 /* SearchConsumeViewController.swift in Sources */ = {isa = PBXBuildFile; fileRef = D20D700C2B611EE3006D6762 /* SearchConsumeViewController.swift */; };
		D20D700F2B61241F006D6762 /* NotificationsViewController.swift in Sources */ = {isa = PBXBuildFile; fileRef = D20D700E2B61241F006D6762 /* NotificationsViewController.swift */; };
		D20D70112B612490006D6762 /* CategoryEditViewController.swift in Sources */ = {isa = PBXBuildFile; fileRef = D20D70102B612490006D6762 /* CategoryEditViewController.swift */; };
		D20D70142B612BB4006D6762 /* CategoryTableView.swift in Sources */ = {isa = PBXBuildFile; fileRef = D20D70132B612BB4006D6762 /* CategoryTableView.swift */; };
		D20D701A2B664996006D6762 /* UICollectionView.swift in Sources */ = {isa = PBXBuildFile; fileRef = D20D70192B664996006D6762 /* UICollectionView.swift */; };
		D20D701E2B668800006D6762 /* Home.json in Resources */ = {isa = PBXBuildFile; fileRef = D20D701D2B668800006D6762 /* Home.json */; };
		D20D70212B66FEA0006D6762 /* HomeViewModel.swift in Sources */ = {isa = PBXBuildFile; fileRef = D20D70202B66FEA0006D6762 /* HomeViewModel.swift */; };
		D20D70232B67E1DD006D6762 /* GoalListModalViewController.swift in Sources */ = {isa = PBXBuildFile; fileRef = D20D70222B67E1DD006D6762 /* GoalListModalViewController.swift */; };
		D20D70302B68BEB0006D6762 /* Encodable.swift in Sources */ = {isa = PBXBuildFile; fileRef = D20D702F2B68BEB0006D6762 /* Encodable.swift */; };
		D20D703A2B68C591006D6762 /* TestRepository.swift in Sources */ = {isa = PBXBuildFile; fileRef = D20D70392B68C591006D6762 /* TestRepository.swift */; };
		D20D703C2B68C599006D6762 /* TestAPI.swift in Sources */ = {isa = PBXBuildFile; fileRef = D20D703B2B68C599006D6762 /* TestAPI.swift */; };
		D217EBEC2B6F846400EB6BF3 /* Progress.swift in Sources */ = {isa = PBXBuildFile; fileRef = D217EBEB2B6F846400EB6BF3 /* Progress.swift */; };
		D217EBEF2B7460BC00EB6BF3 /* CategoryAPI.swift in Sources */ = {isa = PBXBuildFile; fileRef = D217EBEE2B7460BC00EB6BF3 /* CategoryAPI.swift */; };
		D217EBF12B7460CC00EB6BF3 /* CategoryRepository.swift in Sources */ = {isa = PBXBuildFile; fileRef = D217EBF02B7460CC00EB6BF3 /* CategoryRepository.swift */; };
		D29536F12B4C0DF000EEA81F /* UserDefaults.swift in Sources */ = {isa = PBXBuildFile; fileRef = D29536F02B4C0DF000EEA81F /* UserDefaults.swift */; };
		D2D0B72B2B6A704B003B6B5E /* BaseResponse.swift in Sources */ = {isa = PBXBuildFile; fileRef = D2D0B72A2B6A704B003B6B5E /* BaseResponse.swift */; };
		D2D0B72D2B6A7067003B6B5E /* BaseAPI.swift in Sources */ = {isa = PBXBuildFile; fileRef = D2D0B72C2B6A7067003B6B5E /* BaseAPI.swift */; };
		D2D0B72F2B6A70A1003B6B5E /* BaseRepository.swift in Sources */ = {isa = PBXBuildFile; fileRef = D2D0B72E2B6A70A1003B6B5E /* BaseRepository.swift */; };
		D2D0B7362B6BA83E003B6B5E /* HomeRepository.swift in Sources */ = {isa = PBXBuildFile; fileRef = D2D0B7352B6BA83E003B6B5E /* HomeRepository.swift */; };
		D2D0B7382B6BA845003B6B5E /* HomeAPI.swift in Sources */ = {isa = PBXBuildFile; fileRef = D2D0B7372B6BA845003B6B5E /* HomeAPI.swift */; };
		D2D0B73A2B6BAB02003B6B5E /* Goal.swift in Sources */ = {isa = PBXBuildFile; fileRef = D2D0B7392B6BAB02003B6B5E /* Goal.swift */; };
		D2D0B73D2B6BAB7A003B6B5E /* CalendarDaily.swift in Sources */ = {isa = PBXBuildFile; fileRef = D2D0B73C2B6BAB7A003B6B5E /* CalendarDaily.swift */; };
		D2D0B7412B6BACAB003B6B5E /* HomeNow.swift in Sources */ = {isa = PBXBuildFile; fileRef = D2D0B7402B6BACAB003B6B5E /* HomeNow.swift */; };
/* End PBXBuildFile section */

/* Begin PBXCopyFilesBuildPhase section */
		208C90A02B6ABBE900C67960 /* Embed Frameworks */ = {
			isa = PBXCopyFilesBuildPhase;
			buildActionMask = 2147483647;
			dstPath = "";
			dstSubfolderSpec = 10;
			files = (
			);
			name = "Embed Frameworks";
			runOnlyForDeploymentPostprocessing = 0;
		};
/* End PBXCopyFilesBuildPhase section */

/* Begin PBXFileReference section */
		20118A102B56A86100B2569E /* ConsumeViewController.swift */ = {isa = PBXFileReference; lastKnownFileType = sourcecode.swift; path = ConsumeViewController.swift; sourceTree = "<group>"; };
		206C58D32B623C43008410C1 /* CategoryCell.swift */ = {isa = PBXFileReference; lastKnownFileType = sourcecode.swift; path = CategoryCell.swift; sourceTree = "<group>"; };
		206C58D72B626465008410C1 /* CategoryModalViewController.swift */ = {isa = PBXFileReference; lastKnownFileType = sourcecode.swift; path = CategoryModalViewController.swift; sourceTree = "<group>"; };
		206C58DE2B6306FE008410C1 /* CalendartModalViewController.swift */ = {isa = PBXFileReference; lastKnownFileType = sourcecode.swift; path = CalendartModalViewController.swift; sourceTree = "<group>"; };
		208C908E2B6AB78900C67960 /* MufflerAPI.swift */ = {isa = PBXFileReference; lastKnownFileType = sourcecode.swift; path = MufflerAPI.swift; sourceTree = "<group>"; };
		208C90902B6AB7A200C67960 /* MufflerViewModel.swift */ = {isa = PBXFileReference; lastKnownFileType = sourcecode.swift; path = MufflerViewModel.swift; sourceTree = "<group>"; };
		208C90922B6AB7DA00C67960 /* ConnectModel.swift */ = {isa = PBXFileReference; lastKnownFileType = sourcecode.swift; path = ConnectModel.swift; sourceTree = "<group>"; };
		20AFDD8C2B6418A6008F8AB9 /* RepeatModalViewController.swift */ = {isa = PBXFileReference; lastKnownFileType = sourcecode.swift; path = RepeatModalViewController.swift; sourceTree = "<group>"; };
		20AFDD8E2B654CB4008F8AB9 /* ChooseDayView.swift */ = {isa = PBXFileReference; lastKnownFileType = sourcecode.swift; path = ChooseDayView.swift; sourceTree = "<group>"; };
		20AFDD902B656034008F8AB9 /* OneDayButton.swift */ = {isa = PBXFileReference; lastKnownFileType = sourcecode.swift; path = OneDayButton.swift; sourceTree = "<group>"; };
		20AFDD922B659779008F8AB9 /* RepeatIntervalViewController.swift */ = {isa = PBXFileReference; lastKnownFileType = sourcecode.swift; path = RepeatIntervalViewController.swift; sourceTree = "<group>"; };
		20AFDD942B65B882008F8AB9 /* ChooseDateView.swift */ = {isa = PBXFileReference; lastKnownFileType = sourcecode.swift; path = ChooseDateView.swift; sourceTree = "<group>"; };
		20EF782C2B68CEA700AA135E /* AddCategoryViewController.swift */ = {isa = PBXFileReference; lastKnownFileType = sourcecode.swift; path = AddCategoryViewController.swift; sourceTree = "<group>"; };
		20EF78302B68E3AD00AA135E /* MyPageTableViewCell.swift */ = {isa = PBXFileReference; lastKnownFileType = sourcecode.swift; path = MyPageTableViewCell.swift; sourceTree = "<group>"; };
		552A423D2B671B86007AEAAD /* EditGoalViewController.swift */ = {isa = PBXFileReference; lastKnownFileType = sourcecode.swift; path = EditGoalViewController.swift; sourceTree = "<group>"; };
		5591601B2B64595E00063F06 /* EvaluationViewController.swift */ = {isa = PBXFileReference; lastKnownFileType = sourcecode.swift; path = EvaluationViewController.swift; sourceTree = "<group>"; };
		7A4C67382B5A4A49008BCAC9 /* MPLabel.swift */ = {isa = PBXFileReference; lastKnownFileType = sourcecode.swift; path = MPLabel.swift; sourceTree = "<group>"; };
		7A4C673A2B5A4A8D008BCAC9 /* DescriptionView.swift */ = {isa = PBXFileReference; lastKnownFileType = sourcecode.swift; path = DescriptionView.swift; sourceTree = "<group>"; };
		7A4C673C2B5A4AAF008BCAC9 /* SubDescriptionView.swift */ = {isa = PBXFileReference; lastKnownFileType = sourcecode.swift; path = SubDescriptionView.swift; sourceTree = "<group>"; };
		7A4C673E2B5A4AC9008BCAC9 /* CheckBtn.swift */ = {isa = PBXFileReference; lastKnownFileType = sourcecode.swift; path = CheckBtn.swift; sourceTree = "<group>"; };
		7A4C67402B5A4AF1008BCAC9 /* MainBottomBtn.swift */ = {isa = PBXFileReference; lastKnownFileType = sourcecode.swift; path = MainBottomBtn.swift; sourceTree = "<group>"; };
		7A4C67422B5A4B22008BCAC9 /* SmallButtonView.swift */ = {isa = PBXFileReference; lastKnownFileType = sourcecode.swift; path = SmallButtonView.swift; sourceTree = "<group>"; };
		7A4C67452B5A4B77008BCAC9 /* MainTextField.swift */ = {isa = PBXFileReference; lastKnownFileType = sourcecode.swift; path = MainTextField.swift; sourceTree = "<group>"; };
		7A610AB42B47FA8E00D3096F /* Money-Planner.app */ = {isa = PBXFileReference; explicitFileType = wrapper.application; includeInIndex = 0; path = "Money-Planner.app"; sourceTree = BUILT_PRODUCTS_DIR; };
		7A610AB72B47FA8E00D3096F /* AppDelegate.swift */ = {isa = PBXFileReference; lastKnownFileType = sourcecode.swift; path = AppDelegate.swift; sourceTree = "<group>"; };
		7A610AB92B47FA8E00D3096F /* SceneDelegate.swift */ = {isa = PBXFileReference; lastKnownFileType = sourcecode.swift; path = SceneDelegate.swift; sourceTree = "<group>"; };
		7A610ABB2B47FA8E00D3096F /* LoginViewController.swift */ = {isa = PBXFileReference; lastKnownFileType = sourcecode.swift; path = LoginViewController.swift; sourceTree = "<group>"; };
		7A610AC02B47FA8F00D3096F /* Assets.xcassets */ = {isa = PBXFileReference; lastKnownFileType = folder.assetcatalog; path = Assets.xcassets; sourceTree = "<group>"; };
		7A610AC32B47FA8F00D3096F /* Base */ = {isa = PBXFileReference; lastKnownFileType = file.storyboard; name = Base; path = Base.lproj/LaunchScreen.storyboard; sourceTree = "<group>"; };
		7A610AC52B47FA8F00D3096F /* Info.plist */ = {isa = PBXFileReference; lastKnownFileType = text.plist.xml; path = Info.plist; sourceTree = "<group>"; };
		7A610AD12B49004200D3096F /* MyPageViewController.swift */ = {isa = PBXFileReference; lastKnownFileType = sourcecode.swift; path = MyPageViewController.swift; sourceTree = "<group>"; };
		7A610AD52B49007100D3096F /* BattleViewController.swift */ = {isa = PBXFileReference; lastKnownFileType = sourcecode.swift; path = BattleViewController.swift; sourceTree = "<group>"; };
		7A610AD82B49009300D3096F /* HomeViewController.swift */ = {isa = PBXFileReference; lastKnownFileType = sourcecode.swift; path = HomeViewController.swift; sourceTree = "<group>"; };
		7A610AE42B491ED600D3096F /* Dummy.swift */ = {isa = PBXFileReference; lastKnownFileType = sourcecode.swift; path = Dummy.swift; sourceTree = "<group>"; };
		7A610AE62B491F1600D3096F /* HeaderView.swift */ = {isa = PBXFileReference; lastKnownFileType = sourcecode.swift; path = HeaderView.swift; sourceTree = "<group>"; };
		7A610AE92B493EC900D3096F /* MakeGoalViewController.swift */ = {isa = PBXFileReference; lastKnownFileType = sourcecode.swift; path = MakeGoalViewController.swift; sourceTree = "<group>"; };
		7A610AED2B493F6D00D3096F /* RegisterUsageViewController.swift */ = {isa = PBXFileReference; lastKnownFileType = sourcecode.swift; path = RegisterUsageViewController.swift; sourceTree = "<group>"; };
		7A610AEF2B49414100D3096F /* RegisterProfileViewController.swift */ = {isa = PBXFileReference; lastKnownFileType = sourcecode.swift; path = RegisterProfileViewController.swift; sourceTree = "<group>"; };
		7A610AF12B49421F00D3096F /* KakaoLoginViewController.swift */ = {isa = PBXFileReference; lastKnownFileType = sourcecode.swift; path = KakaoLoginViewController.swift; sourceTree = "<group>"; };
		7A610AF32B49422E00D3096F /* AppleLoginViewController.swift */ = {isa = PBXFileReference; lastKnownFileType = sourcecode.swift; path = AppleLoginViewController.swift; sourceTree = "<group>"; };
		7AC060FE2B4C5D78008C0E63 /* Design.swift */ = {isa = PBXFileReference; lastKnownFileType = sourcecode.swift; path = Design.swift; sourceTree = "<group>"; };
		D20D6FD92B581A05006D6762 /* CustomTabBarController.swift */ = {isa = PBXFileReference; lastKnownFileType = sourcecode.swift; path = CustomTabBarController.swift; sourceTree = "<group>"; };
		D20D6FDB2B581A5A006D6762 /* UITabBar.swift */ = {isa = PBXFileReference; lastKnownFileType = sourcecode.swift; path = UITabBar.swift; sourceTree = "<group>"; };
		D20D6FDD2B581B20006D6762 /* CALayer.swift */ = {isa = PBXFileReference; lastKnownFileType = sourcecode.swift; path = CALayer.swift; sourceTree = "<group>"; };
		D20D6FE22B5AED6A006D6762 /* String.swift */ = {isa = PBXFileReference; lastKnownFileType = sourcecode.swift; path = String.swift; sourceTree = "<group>"; };
		D20D6FE42B5AEECB006D6762 /* Date.swift */ = {isa = PBXFileReference; lastKnownFileType = sourcecode.swift; path = Date.swift; sourceTree = "<group>"; };
		D20D6FE82B5AF1E9006D6762 /* MainMonthView.swift */ = {isa = PBXFileReference; lastKnownFileType = sourcecode.swift; path = MainMonthView.swift; sourceTree = "<group>"; };
		D20D6FEA2B5AF62D006D6762 /* MainWeekDayView.swift */ = {isa = PBXFileReference; lastKnownFileType = sourcecode.swift; path = MainWeekDayView.swift; sourceTree = "<group>"; };
		D20D6FEC2B5B9962006D6762 /* MainCalendarView.swift */ = {isa = PBXFileReference; lastKnownFileType = sourcecode.swift; path = MainCalendarView.swift; sourceTree = "<group>"; };
		D20D6FEE2B5D3909006D6762 /* UIColor.swift */ = {isa = PBXFileReference; lastKnownFileType = sourcecode.swift; path = UIColor.swift; sourceTree = "<group>"; };
		D20D6FF02B5D6635006D6762 /* CategoryButton.swift */ = {isa = PBXFileReference; lastKnownFileType = sourcecode.swift; path = CategoryButton.swift; sourceTree = "<group>"; };
		D20D6FF22B5D67B1006D6762 /* Category.swift */ = {isa = PBXFileReference; lastKnownFileType = sourcecode.swift; path = Category.swift; sourceTree = "<group>"; };
		D20D6FF42B5E5B91006D6762 /* ToggleButton.swift */ = {isa = PBXFileReference; lastKnownFileType = sourcecode.swift; path = ToggleButton.swift; sourceTree = "<group>"; };
		D20D6FF72B5E974D006D6762 /* MainStatistics.swift */ = {isa = PBXFileReference; lastKnownFileType = sourcecode.swift; path = MainStatistics.swift; sourceTree = "<group>"; };
		D20D6FF92B5FB971006D6762 /* HomeConsumeView.swift */ = {isa = PBXFileReference; lastKnownFileType = sourcecode.swift; path = HomeConsumeView.swift; sourceTree = "<group>"; };
		D20D6FFB2B5FDF00006D6762 /* DailyConsume.swift */ = {isa = PBXFileReference; lastKnownFileType = sourcecode.swift; path = DailyConsume.swift; sourceTree = "<group>"; };
		D20D6FFD2B5FDF4C006D6762 /* ConsumeDetail.swift */ = {isa = PBXFileReference; lastKnownFileType = sourcecode.swift; path = ConsumeDetail.swift; sourceTree = "<group>"; };
		D20D70012B5FF088006D6762 /* Formatter.swift */ = {isa = PBXFileReference; lastKnownFileType = sourcecode.swift; path = Formatter.swift; sourceTree = "<group>"; };
		D20D70032B5FF094006D6762 /* Numeric.swift */ = {isa = PBXFileReference; lastKnownFileType = sourcecode.swift; path = Numeric.swift; sourceTree = "<group>"; };
		D20D700C2B611EE3006D6762 /* SearchConsumeViewController.swift */ = {isa = PBXFileReference; lastKnownFileType = sourcecode.swift; path = SearchConsumeViewController.swift; sourceTree = "<group>"; };
		D20D700E2B61241F006D6762 /* NotificationsViewController.swift */ = {isa = PBXFileReference; lastKnownFileType = sourcecode.swift; path = NotificationsViewController.swift; sourceTree = "<group>"; };
		D20D70102B612490006D6762 /* CategoryEditViewController.swift */ = {isa = PBXFileReference; lastKnownFileType = sourcecode.swift; path = CategoryEditViewController.swift; sourceTree = "<group>"; };
		D20D70132B612BB4006D6762 /* CategoryTableView.swift */ = {isa = PBXFileReference; lastKnownFileType = sourcecode.swift; path = CategoryTableView.swift; sourceTree = "<group>"; };
		D20D70192B664996006D6762 /* UICollectionView.swift */ = {isa = PBXFileReference; lastKnownFileType = sourcecode.swift; path = UICollectionView.swift; sourceTree = "<group>"; };
		D20D701D2B668800006D6762 /* Home.json */ = {isa = PBXFileReference; lastKnownFileType = text.json; path = Home.json; sourceTree = "<group>"; };
		D20D70202B66FEA0006D6762 /* HomeViewModel.swift */ = {isa = PBXFileReference; lastKnownFileType = sourcecode.swift; path = HomeViewModel.swift; sourceTree = "<group>"; };
		D20D70222B67E1DD006D6762 /* GoalListModalViewController.swift */ = {isa = PBXFileReference; lastKnownFileType = sourcecode.swift; path = GoalListModalViewController.swift; sourceTree = "<group>"; };
		D20D702F2B68BEB0006D6762 /* Encodable.swift */ = {isa = PBXFileReference; lastKnownFileType = sourcecode.swift; path = Encodable.swift; sourceTree = "<group>"; };
		D20D70392B68C591006D6762 /* TestRepository.swift */ = {isa = PBXFileReference; lastKnownFileType = sourcecode.swift; path = TestRepository.swift; sourceTree = "<group>"; };
		D20D703B2B68C599006D6762 /* TestAPI.swift */ = {isa = PBXFileReference; lastKnownFileType = sourcecode.swift; path = TestAPI.swift; sourceTree = "<group>"; };
		D217EBEB2B6F846400EB6BF3 /* Progress.swift */ = {isa = PBXFileReference; lastKnownFileType = sourcecode.swift; path = Progress.swift; sourceTree = "<group>"; };
		D217EBEE2B7460BC00EB6BF3 /* CategoryAPI.swift */ = {isa = PBXFileReference; lastKnownFileType = sourcecode.swift; path = CategoryAPI.swift; sourceTree = "<group>"; };
		D217EBF02B7460CC00EB6BF3 /* CategoryRepository.swift */ = {isa = PBXFileReference; lastKnownFileType = sourcecode.swift; path = CategoryRepository.swift; sourceTree = "<group>"; };
		D29536EF2B4C091400EEA81F /* Money-Planner.entitlements */ = {isa = PBXFileReference; lastKnownFileType = text.plist.entitlements; path = "Money-Planner.entitlements"; sourceTree = "<group>"; };
		D29536F02B4C0DF000EEA81F /* UserDefaults.swift */ = {isa = PBXFileReference; lastKnownFileType = sourcecode.swift; path = UserDefaults.swift; sourceTree = "<group>"; };
		D2D0B72A2B6A704B003B6B5E /* BaseResponse.swift */ = {isa = PBXFileReference; lastKnownFileType = sourcecode.swift; path = BaseResponse.swift; sourceTree = "<group>"; };
		D2D0B72C2B6A7067003B6B5E /* BaseAPI.swift */ = {isa = PBXFileReference; lastKnownFileType = sourcecode.swift; path = BaseAPI.swift; sourceTree = "<group>"; };
		D2D0B72E2B6A70A1003B6B5E /* BaseRepository.swift */ = {isa = PBXFileReference; lastKnownFileType = sourcecode.swift; path = BaseRepository.swift; sourceTree = "<group>"; };
		D2D0B7322B6A74CD003B6B5E /* Config.xcconfig */ = {isa = PBXFileReference; lastKnownFileType = text.xcconfig; path = Config.xcconfig; sourceTree = "<group>"; };
		D2D0B7352B6BA83E003B6B5E /* HomeRepository.swift */ = {isa = PBXFileReference; lastKnownFileType = sourcecode.swift; path = HomeRepository.swift; sourceTree = "<group>"; };
		D2D0B7372B6BA845003B6B5E /* HomeAPI.swift */ = {isa = PBXFileReference; lastKnownFileType = sourcecode.swift; path = HomeAPI.swift; sourceTree = "<group>"; };
		D2D0B7392B6BAB02003B6B5E /* Goal.swift */ = {isa = PBXFileReference; lastKnownFileType = sourcecode.swift; path = Goal.swift; sourceTree = "<group>"; };
		D2D0B73C2B6BAB7A003B6B5E /* CalendarDaily.swift */ = {isa = PBXFileReference; lastKnownFileType = sourcecode.swift; path = CalendarDaily.swift; sourceTree = "<group>"; };
		D2D0B7402B6BACAB003B6B5E /* HomeNow.swift */ = {isa = PBXFileReference; lastKnownFileType = sourcecode.swift; path = HomeNow.swift; sourceTree = "<group>"; };
/* End PBXFileReference section */

/* Begin PBXFrameworksBuildPhase section */
		7A610AB12B47FA8E00D3096F /* Frameworks */ = {
			isa = PBXFrameworksBuildPhase;
			buildActionMask = 2147483647;
			files = (
				7A610ADE2B4900C800D3096F /* Moya in Frameworks */,
				7A610ADC2B4900C800D3096F /* CombineMoya in Frameworks */,
				7A610AE22B4900C800D3096F /* RxMoya in Frameworks */,
				7A610AE02B4900C800D3096F /* ReactiveMoya in Frameworks */,
			);
			runOnlyForDeploymentPostprocessing = 0;
		};
/* End PBXFrameworksBuildPhase section */

/* Begin PBXGroup section */
		20118A0E2B56A83400B2569E /* Consume */ = {
			isa = PBXGroup;
			children = (
				20118A102B56A86100B2569E /* ConsumeViewController.swift */,
				5591601B2B64595E00063F06 /* EvaluationViewController.swift */,
			);
			path = Consume;
			sourceTree = "<group>";
		};
		206C58D02B617396008410C1 /* Modal */ = {
			isa = PBXGroup;
			children = (
				20AFDD902B656034008F8AB9 /* OneDayButton.swift */,
				206C58D32B623C43008410C1 /* CategoryCell.swift */,
				20AFDD8E2B654CB4008F8AB9 /* ChooseDayView.swift */,
				20AFDD942B65B882008F8AB9 /* ChooseDateView.swift */,
				20AFDD922B659779008F8AB9 /* RepeatIntervalViewController.swift */,
				20AFDD8C2B6418A6008F8AB9 /* RepeatModalViewController.swift */,
				206C58D72B626465008410C1 /* CategoryModalViewController.swift */,
				206C58DE2B6306FE008410C1 /* CalendartModalViewController.swift */,
				20EF782C2B68CEA700AA135E /* AddCategoryViewController.swift */,
				D20D70222B67E1DD006D6762 /* GoalListModalViewController.swift */,
			);
			path = Modal;
			sourceTree = "<group>";
		};
		208C908D2B6AB76600C67960 /* Test-park */ = {
			isa = PBXGroup;
			children = (
				208C908E2B6AB78900C67960 /* MufflerAPI.swift */,
				208C90902B6AB7A200C67960 /* MufflerViewModel.swift */,
			);
			path = "Test-park";
			sourceTree = "<group>";
		};
		208C90A22B6C00F600C67960 /* Model */ = {
			isa = PBXGroup;
			children = (
				208C90922B6AB7DA00C67960 /* ConnectModel.swift */,
			);
			path = Model;
			sourceTree = "<group>";
		};
		7A4C67322B5A47BD008BCAC9 /* CustomView */ = {
			isa = PBXGroup;
			children = (
				206C58D02B617396008410C1 /* Modal */,
				D20D70122B612BA5006D6762 /* Category */,
				D20D6FF62B5E9734006D6762 /* Statistics */,
				D20D6FDF2B5AEC76006D6762 /* TabBar */,
				7A610AE62B491F1600D3096F /* HeaderView.swift */,
				7A4C67442B5A4B66008BCAC9 /* TextField */,
				7A4C67372B5A4A24008BCAC9 /* ImageView */,
				7A4C67362B5A4A1B008BCAC9 /* TableViewCell */,
				7A4C67352B5A490E008BCAC9 /* Calendar */,
				7A4C67342B5A47F9008BCAC9 /* Label */,
				7A4C67332B5A47F4008BCAC9 /* Button */,
			);
			path = CustomView;
			sourceTree = "<group>";
		};
		7A4C67332B5A47F4008BCAC9 /* Button */ = {
			isa = PBXGroup;
			children = (
				7A4C673E2B5A4AC9008BCAC9 /* CheckBtn.swift */,
				7A4C67402B5A4AF1008BCAC9 /* MainBottomBtn.swift */,
				7A4C67422B5A4B22008BCAC9 /* SmallButtonView.swift */,
				D20D6FF02B5D6635006D6762 /* CategoryButton.swift */,
				D20D6FF42B5E5B91006D6762 /* ToggleButton.swift */,
			);
			path = Button;
			sourceTree = "<group>";
		};
		7A4C67342B5A47F9008BCAC9 /* Label */ = {
			isa = PBXGroup;
			children = (
				7A4C67382B5A4A49008BCAC9 /* MPLabel.swift */,
				7A4C673A2B5A4A8D008BCAC9 /* DescriptionView.swift */,
				7A4C673C2B5A4AAF008BCAC9 /* SubDescriptionView.swift */,
			);
			path = Label;
			sourceTree = "<group>";
		};
		7A4C67352B5A490E008BCAC9 /* Calendar */ = {
			isa = PBXGroup;
			children = (
				D20D6FE82B5AF1E9006D6762 /* MainMonthView.swift */,
				D20D6FEA2B5AF62D006D6762 /* MainWeekDayView.swift */,
				D20D6FEC2B5B9962006D6762 /* MainCalendarView.swift */,
			);
			path = Calendar;
			sourceTree = "<group>";
		};
		7A4C67362B5A4A1B008BCAC9 /* TableViewCell */ = {
			isa = PBXGroup;
			children = (
			);
			path = TableViewCell;
			sourceTree = "<group>";
		};
		7A4C67372B5A4A24008BCAC9 /* ImageView */ = {
			isa = PBXGroup;
			children = (
			);
			path = ImageView;
			sourceTree = "<group>";
		};
		7A4C67442B5A4B66008BCAC9 /* TextField */ = {
			isa = PBXGroup;
			children = (
				7A4C67452B5A4B77008BCAC9 /* MainTextField.swift */,
			);
			path = TextField;
			sourceTree = "<group>";
		};
		7A610AAB2B47FA8E00D3096F = {
			isa = PBXGroup;
			children = (
				7A610AB62B47FA8E00D3096F /* Money-Planner */,
				7A610AB52B47FA8E00D3096F /* Products */,
				D2B61F132B6CBFE800332998 /* Frameworks */,
			);
			sourceTree = "<group>";
		};
		7A610AB52B47FA8E00D3096F /* Products */ = {
			isa = PBXGroup;
			children = (
				7A610AB42B47FA8E00D3096F /* Money-Planner.app */,
			);
			name = Products;
			sourceTree = "<group>";
		};
		7A610AB62B47FA8E00D3096F /* Money-Planner */ = {
			isa = PBXGroup;
			children = (
				7A4C67322B5A47BD008BCAC9 /* CustomView */,
				D29536EF2B4C091400EEA81F /* Money-Planner.entitlements */,
				D29536ED2B4C076F00EEA81F /* Common */,
				7A610AB72B47FA8E00D3096F /* AppDelegate.swift */,
				7A610AB92B47FA8E00D3096F /* SceneDelegate.swift */,
				7A610AD02B48FEE000D3096F /* Notification */,
				7A610ACE2B480B5B00D3096F /* Model */,
				7A610ACD2B480B1400D3096F /* ViewModel */,
				7A610ACC2B480B0E00D3096F /* View */,
				7A610ACB2B480AFF00D3096F /* Network */,
				7A610AC02B47FA8F00D3096F /* Assets.xcassets */,
				7A610AC22B47FA8F00D3096F /* LaunchScreen.storyboard */,
				7A610AC52B47FA8F00D3096F /* Info.plist */,
				D2D0B7322B6A74CD003B6B5E /* Config.xcconfig */,
			);
			path = "Money-Planner";
			sourceTree = "<group>";
		};
		7A610ACB2B480AFF00D3096F /* Network */ = {
			isa = PBXGroup;
			children = (
				D20D702A2B68BB81006D6762 /* API */,
				D2D0B72A2B6A704B003B6B5E /* BaseResponse.swift */,
				D2D0B72C2B6A7067003B6B5E /* BaseAPI.swift */,
				D2D0B72E2B6A70A1003B6B5E /* BaseRepository.swift */,
			);
			path = Network;
			sourceTree = "<group>";
		};
		7A610ACC2B480B0E00D3096F /* View */ = {
			isa = PBXGroup;
			children = (
				20118A0E2B56A83400B2569E /* Consume */,
				7A610AEC2B493F3B00D3096F /* Usage */,
				7A610AE82B493E8000D3096F /* Goal */,
				7A610AE32B49020700D3096F /* Login */,
				7A610AD72B49008600D3096F /* Home */,
				7A610AD42B49005400D3096F /* Battle */,
				7A610AD32B49004500D3096F /* Settings */,
			);
			path = View;
			sourceTree = "<group>";
		};
		7A610ACD2B480B1400D3096F /* ViewModel */ = {
			isa = PBXGroup;
			children = (
				D20D701F2B66FE8F006D6762 /* Home */,
			);
			path = ViewModel;
			sourceTree = "<group>";
		};
		7A610ACE2B480B5B00D3096F /* Model */ = {
			isa = PBXGroup;
			children = (
				7A610AE42B491ED600D3096F /* Dummy.swift */,
				D20D6FF22B5D67B1006D6762 /* Category.swift */,
				D20D6FFB2B5FDF00006D6762 /* DailyConsume.swift */,
				D20D6FFD2B5FDF4C006D6762 /* ConsumeDetail.swift */,
				D2D0B7392B6BAB02003B6B5E /* Goal.swift */,
				D2D0B73C2B6BAB7A003B6B5E /* CalendarDaily.swift */,
				D2D0B7402B6BACAB003B6B5E /* HomeNow.swift */,
			);
			path = Model;
			sourceTree = "<group>";
		};
		7A610AD02B48FEE000D3096F /* Notification */ = {
			isa = PBXGroup;
			children = (
			);
			path = Notification;
			sourceTree = "<group>";
		};
		7A610AD32B49004500D3096F /* Settings */ = {
			isa = PBXGroup;
			children = (
				7A610AD12B49004200D3096F /* MyPageViewController.swift */,
				20EF78302B68E3AD00AA135E /* MyPageTableViewCell.swift */,
			);
			path = Settings;
			sourceTree = "<group>";
		};
		7A610AD42B49005400D3096F /* Battle */ = {
			isa = PBXGroup;
			children = (
				7A610AD52B49007100D3096F /* BattleViewController.swift */,
			);
			path = Battle;
			sourceTree = "<group>";
		};
		7A610AD72B49008600D3096F /* Home */ = {
			isa = PBXGroup;
			children = (
				7A610AD82B49009300D3096F /* HomeViewController.swift */,
				D20D6FF92B5FB971006D6762 /* HomeConsumeView.swift */,
				D20D700C2B611EE3006D6762 /* SearchConsumeViewController.swift */,
				D20D700E2B61241F006D6762 /* NotificationsViewController.swift */,
				D20D70102B612490006D6762 /* CategoryEditViewController.swift */,
				D20D701D2B668800006D6762 /* Home.json */,
			);
			path = Home;
			sourceTree = "<group>";
		};
		7A610AE32B49020700D3096F /* Login */ = {
			isa = PBXGroup;
			children = (
				7A610ABB2B47FA8E00D3096F /* LoginViewController.swift */,
				7A610AF12B49421F00D3096F /* KakaoLoginViewController.swift */,
				7A610AF32B49422E00D3096F /* AppleLoginViewController.swift */,
				7A610AEF2B49414100D3096F /* RegisterProfileViewController.swift */,
			);
			path = Login;
			sourceTree = "<group>";
		};
		7A610AE82B493E8000D3096F /* Goal */ = {
			isa = PBXGroup;
			children = (
				7A610AE92B493EC900D3096F /* MakeGoalViewController.swift */,
				552A423D2B671B86007AEAAD /* EditGoalViewController.swift */,
			);
			path = Goal;
			sourceTree = "<group>";
		};
		7A610AEC2B493F3B00D3096F /* Usage */ = {
			isa = PBXGroup;
			children = (
				7A610AED2B493F6D00D3096F /* RegisterUsageViewController.swift */,
			);
			path = Usage;
			sourceTree = "<group>";
		};
		D20D6FDF2B5AEC76006D6762 /* TabBar */ = {
			isa = PBXGroup;
			children = (
				D20D6FD92B581A05006D6762 /* CustomTabBarController.swift */,
			);
			path = TabBar;
			sourceTree = "<group>";
		};
		D20D6FF62B5E9734006D6762 /* Statistics */ = {
			isa = PBXGroup;
			children = (
				D20D6FF72B5E974D006D6762 /* MainStatistics.swift */,
			);
			path = Statistics;
			sourceTree = "<group>";
		};
		D20D70122B612BA5006D6762 /* Category */ = {
			isa = PBXGroup;
			children = (
				D20D70132B612BB4006D6762 /* CategoryTableView.swift */,
			);
			path = Category;
			sourceTree = "<group>";
		};
		D20D701F2B66FE8F006D6762 /* Home */ = {
			isa = PBXGroup;
			children = (
				D20D70202B66FEA0006D6762 /* HomeViewModel.swift */,
			);
			path = Home;
			sourceTree = "<group>";
		};
		D20D702A2B68BB81006D6762 /* API */ = {
			isa = PBXGroup;
			children = (
				D217EBED2B7460A700EB6BF3 /* Category */,
				208C90A22B6C00F600C67960 /* Model */,
				208C908D2B6AB76600C67960 /* Test-park */,
				D2D0B7342B6BA82C003B6B5E /* Home */,
				D20D70382B68C57F006D6762 /* Test */,
			);
			path = API;
			sourceTree = "<group>";
		};
		D20D70382B68C57F006D6762 /* Test */ = {
			isa = PBXGroup;
			children = (
				D20D70392B68C591006D6762 /* TestRepository.swift */,
				D20D703B2B68C599006D6762 /* TestAPI.swift */,
			);
			path = Test;
			sourceTree = "<group>";
		};
		D217EBED2B7460A700EB6BF3 /* Category */ = {
			isa = PBXGroup;
			children = (
				D217EBEE2B7460BC00EB6BF3 /* CategoryAPI.swift */,
				D217EBF02B7460CC00EB6BF3 /* CategoryRepository.swift */,
			);
			path = Category;
			sourceTree = "<group>";
		};
		D29536ED2B4C076F00EEA81F /* Common */ = {
			isa = PBXGroup;
			children = (
				D29536EE2B4C077700EEA81F /* Extensions */,
				D217EBEB2B6F846400EB6BF3 /* Progress.swift */,
			);
			path = Common;
			sourceTree = "<group>";
		};
		D29536EE2B4C077700EEA81F /* Extensions */ = {
			isa = PBXGroup;
			children = (
				D29536F02B4C0DF000EEA81F /* UserDefaults.swift */,
				7AC060FE2B4C5D78008C0E63 /* Design.swift */,
				D20D6FDB2B581A5A006D6762 /* UITabBar.swift */,
				D20D6FDD2B581B20006D6762 /* CALayer.swift */,
				D20D6FE22B5AED6A006D6762 /* String.swift */,
				D20D6FE42B5AEECB006D6762 /* Date.swift */,
				D20D6FEE2B5D3909006D6762 /* UIColor.swift */,
				D20D70012B5FF088006D6762 /* Formatter.swift */,
				D20D70032B5FF094006D6762 /* Numeric.swift */,
				D20D70192B664996006D6762 /* UICollectionView.swift */,
				D20D702F2B68BEB0006D6762 /* Encodable.swift */,
			);
			path = Extensions;
			sourceTree = "<group>";
		};
		D2B61F132B6CBFE800332998 /* Frameworks */ = {
			isa = PBXGroup;
			children = (
			);
			name = Frameworks;
			sourceTree = "<group>";
		};
		D2D0B7342B6BA82C003B6B5E /* Home */ = {
			isa = PBXGroup;
			children = (
				D2D0B7352B6BA83E003B6B5E /* HomeRepository.swift */,
				D2D0B7372B6BA845003B6B5E /* HomeAPI.swift */,
			);
			path = Home;
			sourceTree = "<group>";
		};
/* End PBXGroup section */

/* Begin PBXNativeTarget section */
		7A610AB32B47FA8E00D3096F /* Money-Planner */ = {
			isa = PBXNativeTarget;
			buildConfigurationList = 7A610AC82B47FA8F00D3096F /* Build configuration list for PBXNativeTarget "Money-Planner" */;
			buildPhases = (
				7A610AB02B47FA8E00D3096F /* Sources */,
				7A610AB12B47FA8E00D3096F /* Frameworks */,
				7A610AB22B47FA8E00D3096F /* Resources */,
				208C90A02B6ABBE900C67960 /* Embed Frameworks */,
			);
			buildRules = (
			);
			dependencies = (
			);
			name = "Money-Planner";
			packageProductDependencies = (
				7A610ADB2B4900C800D3096F /* CombineMoya */,
				7A610ADD2B4900C800D3096F /* Moya */,
				7A610ADF2B4900C800D3096F /* ReactiveMoya */,
				7A610AE12B4900C800D3096F /* RxMoya */,
			);
			productName = "Money-Planner";
			productReference = 7A610AB42B47FA8E00D3096F /* Money-Planner.app */;
			productType = "com.apple.product-type.application";
		};
/* End PBXNativeTarget section */

/* Begin PBXProject section */
		7A610AAC2B47FA8E00D3096F /* Project object */ = {
			isa = PBXProject;
			attributes = {
				BuildIndependentTargetsInParallel = 1;
				LastSwiftUpdateCheck = 1510;
				LastUpgradeCheck = 1520;
				TargetAttributes = {
					7A610AB32B47FA8E00D3096F = {
						CreatedOnToolsVersion = 15.1;
					};
				};
			};
			buildConfigurationList = 7A610AAF2B47FA8E00D3096F /* Build configuration list for PBXProject "Money-Planner" */;
			compatibilityVersion = "Xcode 14.0";
			developmentRegion = en;
			hasScannedForEncodings = 0;
			knownRegions = (
				en,
				Base,
			);
			mainGroup = 7A610AAB2B47FA8E00D3096F;
			packageReferences = (
				7A610ADA2B4900C800D3096F /* XCRemoteSwiftPackageReference "Moya" */,
			);
			productRefGroup = 7A610AB52B47FA8E00D3096F /* Products */;
			projectDirPath = "";
			projectRoot = "";
			targets = (
				7A610AB32B47FA8E00D3096F /* Money-Planner */,
			);
		};
/* End PBXProject section */

/* Begin PBXResourcesBuildPhase section */
		7A610AB22B47FA8E00D3096F /* Resources */ = {
			isa = PBXResourcesBuildPhase;
			buildActionMask = 2147483647;
			files = (
				7A610AC42B47FA8F00D3096F /* LaunchScreen.storyboard in Resources */,
				7A610AC12B47FA8F00D3096F /* Assets.xcassets in Resources */,
				D20D701E2B668800006D6762 /* Home.json in Resources */,
			);
			runOnlyForDeploymentPostprocessing = 0;
		};
/* End PBXResourcesBuildPhase section */

/* Begin PBXSourcesBuildPhase section */
		7A610AB02B47FA8E00D3096F /* Sources */ = {
			isa = PBXSourcesBuildPhase;
			buildActionMask = 2147483647;
			files = (
				7A610ABC2B47FA8E00D3096F /* LoginViewController.swift in Sources */,
				206C58D42B623C43008410C1 /* CategoryCell.swift in Sources */,
				7A610AF02B49414100D3096F /* RegisterProfileViewController.swift in Sources */,
				7A4C67462B5A4B77008BCAC9 /* MainTextField.swift in Sources */,
				D20D70142B612BB4006D6762 /* CategoryTableView.swift in Sources */,
				7A4C673F2B5A4AC9008BCAC9 /* CheckBtn.swift in Sources */,
				D20D701A2B664996006D6762 /* UICollectionView.swift in Sources */,
				206C58D82B626465008410C1 /* CategoryModalViewController.swift in Sources */,
				D2D0B7362B6BA83E003B6B5E /* HomeRepository.swift in Sources */,
				7A610AE72B491F1600D3096F /* HeaderView.swift in Sources */,
				D20D700D2B611EE3006D6762 /* SearchConsumeViewController.swift in Sources */,
				D20D6FFA2B5FB971006D6762 /* HomeConsumeView.swift in Sources */,
				D20D6FEF2B5D3909006D6762 /* UIColor.swift in Sources */,
				D2D0B72D2B6A7067003B6B5E /* BaseAPI.swift in Sources */,
				D20D6FE52B5AEECB006D6762 /* Date.swift in Sources */,
				552A423E2B671B86007AEAAD /* EditGoalViewController.swift in Sources */,
				20AFDD952B65B882008F8AB9 /* ChooseDateView.swift in Sources */,
				D217EBEC2B6F846400EB6BF3 /* Progress.swift in Sources */,
				7A4C67412B5A4AF1008BCAC9 /* MainBottomBtn.swift in Sources */,
				D20D6FDE2B581B20006D6762 /* CALayer.swift in Sources */,
				D2D0B7412B6BACAB003B6B5E /* HomeNow.swift in Sources */,
				7A4C67432B5A4B22008BCAC9 /* SmallButtonView.swift in Sources */,
				208C90912B6AB7A200C67960 /* MufflerViewModel.swift in Sources */,
				D2D0B72B2B6A704B003B6B5E /* BaseResponse.swift in Sources */,
				D20D70302B68BEB0006D6762 /* Encodable.swift in Sources */,
				D2D0B72F2B6A70A1003B6B5E /* BaseRepository.swift in Sources */,
				7A610AEA2B493EC900D3096F /* MakeGoalViewController.swift in Sources */,
				208C90932B6AB7DA00C67960 /* ConnectModel.swift in Sources */,
				D20D6FF32B5D67B1006D6762 /* Category.swift in Sources */,
				D2D0B7382B6BA845003B6B5E /* HomeAPI.swift in Sources */,
				D20D6FEB2B5AF62E006D6762 /* MainWeekDayView.swift in Sources */,
				D20D700F2B61241F006D6762 /* NotificationsViewController.swift in Sources */,
				D20D6FFC2B5FDF00006D6762 /* DailyConsume.swift in Sources */,
				D20D6FFE2B5FDF4C006D6762 /* ConsumeDetail.swift in Sources */,
				7A4C67392B5A4A49008BCAC9 /* MPLabel.swift in Sources */,
				7A610AE52B491ED600D3096F /* Dummy.swift in Sources */,
				7A610AB82B47FA8E00D3096F /* AppDelegate.swift in Sources */,
				7A610AF42B49422E00D3096F /* AppleLoginViewController.swift in Sources */,
				20AFDD912B656034008F8AB9 /* OneDayButton.swift in Sources */,
				206C58DF2B6306FE008410C1 /* CalendartModalViewController.swift in Sources */,
				D20D70042B5FF094006D6762 /* Numeric.swift in Sources */,
				7A610ABA2B47FA8E00D3096F /* SceneDelegate.swift in Sources */,
				D20D70112B612490006D6762 /* CategoryEditViewController.swift in Sources */,
				7A610AD22B49004200D3096F /* MyPageViewController.swift in Sources */,
				7A610AD22B49004200D3096F /* MyPageViewController.swift in Sources */,
				D20D703A2B68C591006D6762 /* TestRepository.swift in Sources */,
				D20D70022B5FF088006D6762 /* Formatter.swift in Sources */,
				7AC060FF2B4C5D78008C0E63 /* Design.swift in Sources */,
				7A610AF22B49421F00D3096F /* KakaoLoginViewController.swift in Sources */,
				20EF782D2B68CEA700AA135E /* AddCategoryViewController.swift in Sources */,
				20AFDD8D2B6418A6008F8AB9 /* RepeatModalViewController.swift in Sources */,
				D20D70232B67E1DD006D6762 /* GoalListModalViewController.swift in Sources */,
				D2D0B73A2B6BAB02003B6B5E /* Goal.swift in Sources */,
				D20D70212B66FEA0006D6762 /* HomeViewModel.swift in Sources */,
				D20D6FF52B5E5B91006D6762 /* ToggleButton.swift in Sources */,
				D20D6FE32B5AED6A006D6762 /* String.swift in Sources */,
				20EF78312B68E3AD00AA135E /* MyPageTableViewCell.swift in Sources */,
				D217EBF12B7460CC00EB6BF3 /* CategoryRepository.swift in Sources */,
				20AFDD8F2B654CB4008F8AB9 /* ChooseDayView.swift in Sources */,
				208C908F2B6AB78900C67960 /* MufflerAPI.swift in Sources */,
				D217EBEF2B7460BC00EB6BF3 /* CategoryAPI.swift in Sources */,
				7A610AEE2B493F6D00D3096F /* RegisterUsageViewController.swift in Sources */,
				D20D6FED2B5B9962006D6762 /* MainCalendarView.swift in Sources */,
				D20D6FE92B5AF1E9006D6762 /* MainMonthView.swift in Sources */,
				7A4C673D2B5A4AAF008BCAC9 /* SubDescriptionView.swift in Sources */,
				D20D6FDA2B581A05006D6762 /* CustomTabBarController.swift in Sources */,
				7A4C673B2B5A4A8D008BCAC9 /* DescriptionView.swift in Sources */,
				5591601C2B64595E00063F06 /* EvaluationViewController.swift in Sources */,
				7A610AD62B49007100D3096F /* BattleViewController.swift in Sources */,
				D29536F12B4C0DF000EEA81F /* UserDefaults.swift in Sources */,
				D20D703C2B68C599006D6762 /* TestAPI.swift in Sources */,
				20AFDD932B659779008F8AB9 /* RepeatIntervalViewController.swift in Sources */,
				D2D0B73D2B6BAB7A003B6B5E /* CalendarDaily.swift in Sources */,
				7A610AD92B49009300D3096F /* HomeViewController.swift in Sources */,
				D20D6FF12B5D6635006D6762 /* CategoryButton.swift in Sources */,
				20118A112B56A86100B2569E /* ConsumeViewController.swift in Sources */,
				D20D6FDC2B581A5A006D6762 /* UITabBar.swift in Sources */,
				D20D6FF82B5E974D006D6762 /* MainStatistics.swift in Sources */,
			);
			runOnlyForDeploymentPostprocessing = 0;
		};
/* End PBXSourcesBuildPhase section */

/* Begin PBXVariantGroup section */
		7A610AC22B47FA8F00D3096F /* LaunchScreen.storyboard */ = {
			isa = PBXVariantGroup;
			children = (
				7A610AC32B47FA8F00D3096F /* Base */,
			);
			name = LaunchScreen.storyboard;
			sourceTree = "<group>";
		};
/* End PBXVariantGroup section */

/* Begin XCBuildConfiguration section */
		7A610AC62B47FA8F00D3096F /* Debug */ = {
			isa = XCBuildConfiguration;
			buildSettings = {
				ALWAYS_SEARCH_USER_PATHS = NO;
				ASSETCATALOG_COMPILER_GENERATE_SWIFT_ASSET_SYMBOL_EXTENSIONS = YES;
				CLANG_ANALYZER_NONNULL = YES;
				CLANG_ANALYZER_NUMBER_OBJECT_CONVERSION = YES_AGGRESSIVE;
				CLANG_CXX_LANGUAGE_STANDARD = "gnu++20";
				CLANG_ENABLE_MODULES = YES;
				CLANG_ENABLE_OBJC_ARC = YES;
				CLANG_ENABLE_OBJC_WEAK = YES;
				CLANG_WARN_BLOCK_CAPTURE_AUTORELEASING = YES;
				CLANG_WARN_BOOL_CONVERSION = YES;
				CLANG_WARN_COMMA = YES;
				CLANG_WARN_CONSTANT_CONVERSION = YES;
				CLANG_WARN_DEPRECATED_OBJC_IMPLEMENTATIONS = YES;
				CLANG_WARN_DIRECT_OBJC_ISA_USAGE = YES_ERROR;
				CLANG_WARN_DOCUMENTATION_COMMENTS = YES;
				CLANG_WARN_EMPTY_BODY = YES;
				CLANG_WARN_ENUM_CONVERSION = YES;
				CLANG_WARN_INFINITE_RECURSION = YES;
				CLANG_WARN_INT_CONVERSION = YES;
				CLANG_WARN_NON_LITERAL_NULL_CONVERSION = YES;
				CLANG_WARN_OBJC_IMPLICIT_RETAIN_SELF = YES;
				CLANG_WARN_OBJC_LITERAL_CONVERSION = YES;
				CLANG_WARN_OBJC_ROOT_CLASS = YES_ERROR;
				CLANG_WARN_QUOTED_INCLUDE_IN_FRAMEWORK_HEADER = YES;
				CLANG_WARN_RANGE_LOOP_ANALYSIS = YES;
				CLANG_WARN_STRICT_PROTOTYPES = YES;
				CLANG_WARN_SUSPICIOUS_MOVE = YES;
				CLANG_WARN_UNGUARDED_AVAILABILITY = YES_AGGRESSIVE;
				CLANG_WARN_UNREACHABLE_CODE = YES;
				CLANG_WARN__DUPLICATE_METHOD_MATCH = YES;
				COPY_PHASE_STRIP = NO;
				DEBUG_INFORMATION_FORMAT = dwarf;
				ENABLE_STRICT_OBJC_MSGSEND = YES;
				ENABLE_TESTABILITY = YES;
				ENABLE_USER_SCRIPT_SANDBOXING = YES;
				GCC_C_LANGUAGE_STANDARD = gnu17;
				GCC_DYNAMIC_NO_PIC = NO;
				GCC_NO_COMMON_BLOCKS = YES;
				GCC_OPTIMIZATION_LEVEL = 0;
				GCC_PREPROCESSOR_DEFINITIONS = (
					"DEBUG=1",
					"$(inherited)",
				);
				GCC_WARN_64_TO_32_BIT_CONVERSION = YES;
				GCC_WARN_ABOUT_RETURN_TYPE = YES_ERROR;
				GCC_WARN_UNDECLARED_SELECTOR = YES;
				GCC_WARN_UNINITIALIZED_AUTOS = YES_AGGRESSIVE;
				GCC_WARN_UNUSED_FUNCTION = YES;
				GCC_WARN_UNUSED_VARIABLE = YES;
				IPHONEOS_DEPLOYMENT_TARGET = 17.2;
				LOCALIZATION_PREFERS_STRING_CATALOGS = YES;
				MTL_ENABLE_DEBUG_INFO = INCLUDE_SOURCE;
				MTL_FAST_MATH = YES;
				ONLY_ACTIVE_ARCH = YES;
				SDKROOT = iphoneos;
				SWIFT_ACTIVE_COMPILATION_CONDITIONS = "DEBUG $(inherited)";
				SWIFT_OPTIMIZATION_LEVEL = "-Onone";
			};
			name = Debug;
		};
		7A610AC72B47FA8F00D3096F /* Release */ = {
			isa = XCBuildConfiguration;
			buildSettings = {
				ALWAYS_SEARCH_USER_PATHS = NO;
				ASSETCATALOG_COMPILER_GENERATE_SWIFT_ASSET_SYMBOL_EXTENSIONS = YES;
				CLANG_ANALYZER_NONNULL = YES;
				CLANG_ANALYZER_NUMBER_OBJECT_CONVERSION = YES_AGGRESSIVE;
				CLANG_CXX_LANGUAGE_STANDARD = "gnu++20";
				CLANG_ENABLE_MODULES = YES;
				CLANG_ENABLE_OBJC_ARC = YES;
				CLANG_ENABLE_OBJC_WEAK = YES;
				CLANG_WARN_BLOCK_CAPTURE_AUTORELEASING = YES;
				CLANG_WARN_BOOL_CONVERSION = YES;
				CLANG_WARN_COMMA = YES;
				CLANG_WARN_CONSTANT_CONVERSION = YES;
				CLANG_WARN_DEPRECATED_OBJC_IMPLEMENTATIONS = YES;
				CLANG_WARN_DIRECT_OBJC_ISA_USAGE = YES_ERROR;
				CLANG_WARN_DOCUMENTATION_COMMENTS = YES;
				CLANG_WARN_EMPTY_BODY = YES;
				CLANG_WARN_ENUM_CONVERSION = YES;
				CLANG_WARN_INFINITE_RECURSION = YES;
				CLANG_WARN_INT_CONVERSION = YES;
				CLANG_WARN_NON_LITERAL_NULL_CONVERSION = YES;
				CLANG_WARN_OBJC_IMPLICIT_RETAIN_SELF = YES;
				CLANG_WARN_OBJC_LITERAL_CONVERSION = YES;
				CLANG_WARN_OBJC_ROOT_CLASS = YES_ERROR;
				CLANG_WARN_QUOTED_INCLUDE_IN_FRAMEWORK_HEADER = YES;
				CLANG_WARN_RANGE_LOOP_ANALYSIS = YES;
				CLANG_WARN_STRICT_PROTOTYPES = YES;
				CLANG_WARN_SUSPICIOUS_MOVE = YES;
				CLANG_WARN_UNGUARDED_AVAILABILITY = YES_AGGRESSIVE;
				CLANG_WARN_UNREACHABLE_CODE = YES;
				CLANG_WARN__DUPLICATE_METHOD_MATCH = YES;
				COPY_PHASE_STRIP = NO;
				DEBUG_INFORMATION_FORMAT = "dwarf-with-dsym";
				ENABLE_NS_ASSERTIONS = NO;
				ENABLE_STRICT_OBJC_MSGSEND = YES;
				ENABLE_USER_SCRIPT_SANDBOXING = YES;
				GCC_C_LANGUAGE_STANDARD = gnu17;
				GCC_NO_COMMON_BLOCKS = YES;
				GCC_WARN_64_TO_32_BIT_CONVERSION = YES;
				GCC_WARN_ABOUT_RETURN_TYPE = YES_ERROR;
				GCC_WARN_UNDECLARED_SELECTOR = YES;
				GCC_WARN_UNINITIALIZED_AUTOS = YES_AGGRESSIVE;
				GCC_WARN_UNUSED_FUNCTION = YES;
				GCC_WARN_UNUSED_VARIABLE = YES;
				IPHONEOS_DEPLOYMENT_TARGET = 17.2;
				LOCALIZATION_PREFERS_STRING_CATALOGS = YES;
				MTL_ENABLE_DEBUG_INFO = NO;
				MTL_FAST_MATH = YES;
				SDKROOT = iphoneos;
				SWIFT_COMPILATION_MODE = wholemodule;
				VALIDATE_PRODUCT = YES;
			};
			name = Release;
		};
		7A610AC92B47FA8F00D3096F /* Debug */ = {
			isa = XCBuildConfiguration;
			baseConfigurationReference = D2D0B7322B6A74CD003B6B5E /* Config.xcconfig */;
			buildSettings = {
				ASSETCATALOG_COMPILER_APPICON_NAME = AppIcon;
				ASSETCATALOG_COMPILER_GLOBAL_ACCENT_COLOR_NAME = AccentColor;
				CODE_SIGN_ENTITLEMENTS = "Money-Planner/Money-Planner.entitlements";
				CODE_SIGN_STYLE = Automatic;
				CURRENT_PROJECT_VERSION = 1;
				DEVELOPMENT_TEAM = 97CYTD232Q;
				GENERATE_INFOPLIST_FILE = YES;
				INFOPLIST_FILE = "Money-Planner/Info.plist";
				INFOPLIST_KEY_UIApplicationSupportsIndirectInputEvents = YES;
				INFOPLIST_KEY_UILaunchStoryboardName = LaunchScreen;
				INFOPLIST_KEY_UIMainStoryboardFile = "";
				INFOPLIST_KEY_UISupportedInterfaceOrientations_iPad = "UIInterfaceOrientationPortrait UIInterfaceOrientationPortraitUpsideDown UIInterfaceOrientationLandscapeLeft UIInterfaceOrientationLandscapeRight";
				INFOPLIST_KEY_UISupportedInterfaceOrientations_iPhone = "UIInterfaceOrientationPortrait UIInterfaceOrientationLandscapeLeft UIInterfaceOrientationLandscapeRight";
				IPHONEOS_DEPLOYMENT_TARGET = 16.0;
				LD_RUNPATH_SEARCH_PATHS = (
					"$(inherited)",
					"@executable_path/Frameworks",
				);
				MARKETING_VERSION = 1.0;
				PRODUCT_BUNDLE_IDENTIFIER = "com.umc.Money-Planner";
				PRODUCT_NAME = "$(TARGET_NAME)";
				SWIFT_EMIT_LOC_STRINGS = YES;
				SWIFT_VERSION = 5.0;
				TARGETED_DEVICE_FAMILY = "1,2";
			};
			name = Debug;
		};
		7A610ACA2B47FA8F00D3096F /* Release */ = {
			isa = XCBuildConfiguration;
			baseConfigurationReference = D2D0B7322B6A74CD003B6B5E /* Config.xcconfig */;
			buildSettings = {
				ASSETCATALOG_COMPILER_APPICON_NAME = AppIcon;
				ASSETCATALOG_COMPILER_GLOBAL_ACCENT_COLOR_NAME = AccentColor;
				CODE_SIGN_ENTITLEMENTS = "Money-Planner/Money-Planner.entitlements";
				CODE_SIGN_STYLE = Automatic;
				CURRENT_PROJECT_VERSION = 1;
				DEVELOPMENT_TEAM = 97CYTD232Q;
				GENERATE_INFOPLIST_FILE = YES;
				INFOPLIST_FILE = "Money-Planner/Info.plist";
				INFOPLIST_KEY_UIApplicationSupportsIndirectInputEvents = YES;
				INFOPLIST_KEY_UILaunchStoryboardName = LaunchScreen;
				INFOPLIST_KEY_UIMainStoryboardFile = "";
				INFOPLIST_KEY_UISupportedInterfaceOrientations_iPad = "UIInterfaceOrientationPortrait UIInterfaceOrientationPortraitUpsideDown UIInterfaceOrientationLandscapeLeft UIInterfaceOrientationLandscapeRight";
				INFOPLIST_KEY_UISupportedInterfaceOrientations_iPhone = "UIInterfaceOrientationPortrait UIInterfaceOrientationLandscapeLeft UIInterfaceOrientationLandscapeRight";
				IPHONEOS_DEPLOYMENT_TARGET = 16.0;
				LD_RUNPATH_SEARCH_PATHS = (
					"$(inherited)",
					"@executable_path/Frameworks",
				);
				MARKETING_VERSION = 1.0;
				PRODUCT_BUNDLE_IDENTIFIER = "com.umc.Money-Planner";
				PRODUCT_NAME = "$(TARGET_NAME)";
				SWIFT_EMIT_LOC_STRINGS = YES;
				SWIFT_VERSION = 5.0;
				TARGETED_DEVICE_FAMILY = "1,2";
			};
			name = Release;
		};
/* End XCBuildConfiguration section */

/* Begin XCConfigurationList section */
		7A610AAF2B47FA8E00D3096F /* Build configuration list for PBXProject "Money-Planner" */ = {
			isa = XCConfigurationList;
			buildConfigurations = (
				7A610AC62B47FA8F00D3096F /* Debug */,
				7A610AC72B47FA8F00D3096F /* Release */,
			);
			defaultConfigurationIsVisible = 0;
			defaultConfigurationName = Release;
		};
		7A610AC82B47FA8F00D3096F /* Build configuration list for PBXNativeTarget "Money-Planner" */ = {
			isa = XCConfigurationList;
			buildConfigurations = (
				7A610AC92B47FA8F00D3096F /* Debug */,
				7A610ACA2B47FA8F00D3096F /* Release */,
			);
			defaultConfigurationIsVisible = 0;
			defaultConfigurationName = Release;
		};
/* End XCConfigurationList section */

/* Begin XCRemoteSwiftPackageReference section */
		7A610ADA2B4900C800D3096F /* XCRemoteSwiftPackageReference "Moya" */ = {
			isa = XCRemoteSwiftPackageReference;
			repositoryURL = "https://github.com/Moya/Moya";
			requirement = {
				kind = upToNextMajorVersion;
				minimumVersion = 15.0.3;
			};
		};
/* End XCRemoteSwiftPackageReference section */

/* Begin XCSwiftPackageProductDependency section */
		7A610ADB2B4900C800D3096F /* CombineMoya */ = {
			isa = XCSwiftPackageProductDependency;
			package = 7A610ADA2B4900C800D3096F /* XCRemoteSwiftPackageReference "Moya" */;
			productName = CombineMoya;
		};
		7A610ADD2B4900C800D3096F /* Moya */ = {
			isa = XCSwiftPackageProductDependency;
			package = 7A610ADA2B4900C800D3096F /* XCRemoteSwiftPackageReference "Moya" */;
			productName = Moya;
		};
		7A610ADF2B4900C800D3096F /* ReactiveMoya */ = {
			isa = XCSwiftPackageProductDependency;
			package = 7A610ADA2B4900C800D3096F /* XCRemoteSwiftPackageReference "Moya" */;
			productName = ReactiveMoya;
		};
		7A610AE12B4900C800D3096F /* RxMoya */ = {
			isa = XCSwiftPackageProductDependency;
			package = 7A610ADA2B4900C800D3096F /* XCRemoteSwiftPackageReference "Moya" */;
			productName = RxMoya;
		};
/* End XCSwiftPackageProductDependency section */
	};
	rootObject = 7A610AAC2B47FA8E00D3096F /* Project object */;
}
