// !$*UTF8*$!
{
	archiveVersion = 1;
	classes = {
	};
	objectVersion = 56;
	objects = {

/* Begin PBXBuildFile section */
		20118A112B56A86100B2569E /* ConsumeViewController.swift in Sources */ = {isa = PBXBuildFile; fileRef = 20118A102B56A86100B2569E /* ConsumeViewController.swift */; };
		206C58D42B623C43008410C1 /* CategoryCell.swift in Sources */ = {isa = PBXBuildFile; fileRef = 206C58D32B623C43008410C1 /* CategoryCell.swift */; };
		206C58D82B626465008410C1 /* CategoryModalViewController.swift in Sources */ = {isa = PBXBuildFile; fileRef = 206C58D72B626465008410C1 /* CategoryModalViewController.swift */; };
		206C58DF2B6306FE008410C1 /* CalendartModalViewController.swift in Sources */ = {isa = PBXBuildFile; fileRef = 206C58DE2B6306FE008410C1 /* CalendartModalViewController.swift */; };
		20AFDD8D2B6418A6008F8AB9 /* RepeatModalViewController.swift in Sources */ = {isa = PBXBuildFile; fileRef = 20AFDD8C2B6418A6008F8AB9 /* RepeatModalViewController.swift */; };
		20AFDD8F2B654CB4008F8AB9 /* ChooseDayView.swift in Sources */ = {isa = PBXBuildFile; fileRef = 20AFDD8E2B654CB4008F8AB9 /* ChooseDayView.swift */; };
		20AFDD912B656034008F8AB9 /* OneDayButton.swift in Sources */ = {isa = PBXBuildFile; fileRef = 20AFDD902B656034008F8AB9 /* OneDayButton.swift */; };
		20AFDD932B659779008F8AB9 /* RepeatIntervalViewController.swift in Sources */ = {isa = PBXBuildFile; fileRef = 20AFDD922B659779008F8AB9 /* RepeatIntervalViewController.swift */; };
		20AFDD952B65B882008F8AB9 /* ChooseDateView.swift in Sources */ = {isa = PBXBuildFile; fileRef = 20AFDD942B65B882008F8AB9 /* ChooseDateView.swift */; };
		552A423E2B671B86007AEAAD /* EditGoalViewController.swift in Sources */ = {isa = PBXBuildFile; fileRef = 552A423D2B671B86007AEAAD /* EditGoalViewController.swift */; };
		5591601C2B64595E00063F06 /* EvaluationViewController.swift in Sources */ = {isa = PBXBuildFile; fileRef = 5591601B2B64595E00063F06 /* EvaluationViewController.swift */; };
		7A0D32B22B68E130007B2736 /* TestAPI.swift in Sources */ = {isa = PBXBuildFile; fileRef = 7A0D32B12B68E130007B2736 /* TestAPI.swift */; };
		7A0D32B42B68E13A007B2736 /* TestRepository.swift in Sources */ = {isa = PBXBuildFile; fileRef = 7A0D32B32B68E13A007B2736 /* TestRepository.swift */; };
		7A0D32B62B68E142007B2736 /* BaseAPI.swift in Sources */ = {isa = PBXBuildFile; fileRef = 7A0D32B52B68E142007B2736 /* BaseAPI.swift */; };
		7A0D32B82B68E14D007B2736 /* BaseRepository.swift in Sources */ = {isa = PBXBuildFile; fileRef = 7A0D32B72B68E14D007B2736 /* BaseRepository.swift */; };
		7A0D32BA2B68E15C007B2736 /* GoalRepository.swift in Sources */ = {isa = PBXBuildFile; fileRef = 7A0D32B92B68E15C007B2736 /* GoalRepository.swift */; };
		7A0D32BC2B68E23F007B2736 /* BaseResponse.swift in Sources */ = {isa = PBXBuildFile; fileRef = 7A0D32BB2B68E23F007B2736 /* BaseResponse.swift */; };
		7A0D32BE2B68E9B9007B2736 /* GoalConnectionTestVC.swift in Sources */ = {isa = PBXBuildFile; fileRef = 7A0D32BD2B68E9B9007B2736 /* GoalConnectionTestVC.swift */; };
		7A0D32C62B68EEEE007B2736 /* Money_PlannerTests.swift in Sources */ = {isa = PBXBuildFile; fileRef = 7A0D32C52B68EEEE007B2736 /* Money_PlannerTests.swift */; };
		7A0D32CF2B68EF4D007B2736 /* RxCocoa in Frameworks */ = {isa = PBXBuildFile; productRef = 7A0D32CE2B68EF4D007B2736 /* RxCocoa */; };
		7A0D32D12B68EFBB007B2736 /* RxCocoa in Frameworks */ = {isa = PBXBuildFile; productRef = 7A0D32D02B68EFBB007B2736 /* RxCocoa */; };
		7A0D32D82B6F5DDD007B2736 /* RxKakaoSDK in Frameworks */ = {isa = PBXBuildFile; productRef = 7A0D32D72B6F5DDD007B2736 /* RxKakaoSDK */; };
		7A0D32DA2B6F5DDD007B2736 /* RxKakaoSDKAuth in Frameworks */ = {isa = PBXBuildFile; productRef = 7A0D32D92B6F5DDD007B2736 /* RxKakaoSDKAuth */; };
		7A0D32DC2B6F5DDD007B2736 /* RxKakaoSDKCommon in Frameworks */ = {isa = PBXBuildFile; productRef = 7A0D32DB2B6F5DDD007B2736 /* RxKakaoSDKCommon */; };
		7A0D32DE2B6F5DDD007B2736 /* RxKakaoSDKUser in Frameworks */ = {isa = PBXBuildFile; productRef = 7A0D32DD2B6F5DDD007B2736 /* RxKakaoSDKUser */; };
		7A0D32E02B6FF5BD007B2736 /* PeriodCalendar.swift in Sources */ = {isa = PBXBuildFile; fileRef = 7A0D32DF2B6FF5BD007B2736 /* PeriodCalendar.swift */; };
		7A0D32E22B6FF81F007B2736 /* PeriodCalendarViewController.swift in Sources */ = {isa = PBXBuildFile; fileRef = 7A0D32E12B6FF81F007B2736 /* PeriodCalendarViewController.swift */; };
		7A0D32E42B700AB0007B2736 /* Config.xcconfig in Resources */ = {isa = PBXBuildFile; fileRef = 7A0D32E32B700AB0007B2736 /* Config.xcconfig */; };
		7A0D32E62B710F83007B2736 /* LoadingViewController.swift in Sources */ = {isa = PBXBuildFile; fileRef = 7A0D32E52B710F83007B2736 /* LoadingViewController.swift */; };
		7A0D32E82B72A4C9007B2736 /* GoalDetailsViewController.swift in Sources */ = {isa = PBXBuildFile; fileRef = 7A0D32E72B72A4C9007B2736 /* GoalDetailsViewController.swift */; };
		7A0D32EB2B72BC3F007B2736 /* FSCalendar in Frameworks */ = {isa = PBXBuildFile; productRef = 7A0D32EA2B72BC3F007B2736 /* FSCalendar */; };
		7A0D32ED2B7340BF007B2736 /* FoundPreviousConsumeRecordModal.swift in Sources */ = {isa = PBXBuildFile; fileRef = 7A0D32EC2B7340BF007B2736 /* FoundPreviousConsumeRecordModal.swift */; };
		7A0D32EF2B7359A2007B2736 /* WarnAboutUneditableModal.swift in Sources */ = {isa = PBXBuildFile; fileRef = 7A0D32EE2B7359A2007B2736 /* WarnAboutUneditableModal.swift */; };
		7A0D32F12B73860A007B2736 /* DdayLabel.swift in Sources */ = {isa = PBXBuildFile; fileRef = 7A0D32F02B73860A007B2736 /* DdayLabel.swift */; };
		7A0D32F32B77E867007B2736 /* UIImage.swift in Sources */ = {isa = PBXBuildFile; fileRef = 7A0D32F22B77E867007B2736 /* UIImage.swift */; };
		7A0D32F52B7A52AB007B2736 /* ShowingPeriodSelectionModal.swift in Sources */ = {isa = PBXBuildFile; fileRef = 7A0D32F42B7A52AB007B2736 /* ShowingPeriodSelectionModal.swift */; };
		7A0D32FA2B7BFEFF007B2736 /* LabelAndImageBtn.swift in Sources */ = {isa = PBXBuildFile; fileRef = 7A0D32F92B7BFEFF007B2736 /* LabelAndImageBtn.swift */; };
		7A0D32FC2B7C03D7007B2736 /* TestViewController.swift in Sources */ = {isa = PBXBuildFile; fileRef = 7A0D32FB2B7C03D7007B2736 /* TestViewController.swift */; };
		7A0D33012B7D39FC007B2736 /* GoalService.swift in Sources */ = {isa = PBXBuildFile; fileRef = 7A0D33002B7D39FC007B2736 /* GoalService.swift */; };
		7A0D33042B7D3B7E007B2736 /* GoalReport.swift in Sources */ = {isa = PBXBuildFile; fileRef = 7A0D33032B7D3B7E007B2736 /* GoalReport.swift */; };
		7A0D33062B7D3F4B007B2736 /* now.swift in Sources */ = {isa = PBXBuildFile; fileRef = 7A0D33052B7D3F4B007B2736 /* now.swift */; };
		7A0D33082B7D3F53007B2736 /* not-now.swift in Sources */ = {isa = PBXBuildFile; fileRef = 7A0D33072B7D3F53007B2736 /* not-now.swift */; };
		7A0D330B2B7D4711007B2736 /* GoalReportViewModel.swift in Sources */ = {isa = PBXBuildFile; fileRef = 7A0D330A2B7D4711007B2736 /* GoalReportViewModel.swift */; };
		7A0D330D2B7DF524007B2736 /* GoalSpendingViewModel.swift in Sources */ = {isa = PBXBuildFile; fileRef = 7A0D330C2B7DF524007B2736 /* GoalSpendingViewModel.swift */; };
		7A0D330F2B7DF550007B2736 /* GoalSpending.swift in Sources */ = {isa = PBXBuildFile; fileRef = 7A0D330E2B7DF550007B2736 /* GoalSpending.swift */; };
		7A0D33112B7DF9DD007B2736 /* GoalCreationManager.swift in Sources */ = {isa = PBXBuildFile; fileRef = 7A0D33102B7DF9DD007B2736 /* GoalCreationManager.swift */; };
		7A4C67392B5A4A49008BCAC9 /* MPLabel.swift in Sources */ = {isa = PBXBuildFile; fileRef = 7A4C67382B5A4A49008BCAC9 /* MPLabel.swift */; };
		7A4C673B2B5A4A8D008BCAC9 /* DescriptionView.swift in Sources */ = {isa = PBXBuildFile; fileRef = 7A4C673A2B5A4A8D008BCAC9 /* DescriptionView.swift */; };
		7A4C673D2B5A4AAF008BCAC9 /* SubDescriptionView.swift in Sources */ = {isa = PBXBuildFile; fileRef = 7A4C673C2B5A4AAF008BCAC9 /* SubDescriptionView.swift */; };
		7A4C673F2B5A4AC9008BCAC9 /* CheckBtn.swift in Sources */ = {isa = PBXBuildFile; fileRef = 7A4C673E2B5A4AC9008BCAC9 /* CheckBtn.swift */; };
		7A4C67412B5A4AF1008BCAC9 /* MainBottomBtn.swift in Sources */ = {isa = PBXBuildFile; fileRef = 7A4C67402B5A4AF1008BCAC9 /* MainBottomBtn.swift */; };
		7A4C67432B5A4B22008BCAC9 /* SmallButtonView.swift in Sources */ = {isa = PBXBuildFile; fileRef = 7A4C67422B5A4B22008BCAC9 /* SmallButtonView.swift */; };
		7A4C67462B5A4B77008BCAC9 /* MainTextField.swift in Sources */ = {isa = PBXBuildFile; fileRef = 7A4C67452B5A4B77008BCAC9 /* MainTextField.swift */; };
		7A5767592B63968F009A5972 /* GoalCategoryViewController.swift in Sources */ = {isa = PBXBuildFile; fileRef = 7A5767582B63968F009A5972 /* GoalCategoryViewController.swift */; };
		7A57675B2B63969B009A5972 /* GoalComponents.swift in Sources */ = {isa = PBXBuildFile; fileRef = 7A57675A2B63969B009A5972 /* GoalComponents.swift */; };
		7A57675D2B6396A8009A5972 /* GoalDailyViewController.swift in Sources */ = {isa = PBXBuildFile; fileRef = 7A57675C2B6396A8009A5972 /* GoalDailyViewController.swift */; };
		7A57675F2B6396B2009A5972 /* GoalFinalViewController.swift in Sources */ = {isa = PBXBuildFile; fileRef = 7A57675E2B6396B2009A5972 /* GoalFinalViewController.swift */; };
		7A5767612B6396BE009A5972 /* GoalMainViewController.swift in Sources */ = {isa = PBXBuildFile; fileRef = 7A5767602B6396BE009A5972 /* GoalMainViewController.swift */; };
		7A5767632B6396CF009A5972 /* GoalNameViewController.swift in Sources */ = {isa = PBXBuildFile; fileRef = 7A5767622B6396CF009A5972 /* GoalNameViewController.swift */; };
		7A5767652B6396E0009A5972 /* GoalPeriodVeiwController.swift in Sources */ = {isa = PBXBuildFile; fileRef = 7A5767642B6396E0009A5972 /* GoalPeriodVeiwController.swift */; };
		7A5767672B6396F1009A5972 /* GoalTotalAmountViewController.swift in Sources */ = {isa = PBXBuildFile; fileRef = 7A5767662B6396F1009A5972 /* GoalTotalAmountViewController.swift */; };
		7A57676B2B639817009A5972 /* GoalViewModel.swift in Sources */ = {isa = PBXBuildFile; fileRef = 7A57676A2B639817009A5972 /* GoalViewModel.swift */; };
		7A57676E2B6398B0009A5972 /* Goal.swift in Sources */ = {isa = PBXBuildFile; fileRef = 7A57676D2B6398B0009A5972 /* Goal.swift */; };
		7A5767722B639A65009A5972 /* NetworkMangager.swift in Sources */ = {isa = PBXBuildFile; fileRef = 7A5767712B639A65009A5972 /* NetworkMangager.swift */; };
		7A5767742B639A6F009A5972 /* GoalAPI.swift in Sources */ = {isa = PBXBuildFile; fileRef = 7A5767732B639A6F009A5972 /* GoalAPI.swift */; };
		7A5767762B64D64A009A5972 /* CategoryViewModel.swift in Sources */ = {isa = PBXBuildFile; fileRef = 7A5767752B64D64A009A5972 /* CategoryViewModel.swift */; };
		7A610AB82B47FA8E00D3096F /* AppDelegate.swift in Sources */ = {isa = PBXBuildFile; fileRef = 7A610AB72B47FA8E00D3096F /* AppDelegate.swift */; };
		7A610ABA2B47FA8E00D3096F /* SceneDelegate.swift in Sources */ = {isa = PBXBuildFile; fileRef = 7A610AB92B47FA8E00D3096F /* SceneDelegate.swift */; };
		7A610ABC2B47FA8E00D3096F /* LoginViewController.swift in Sources */ = {isa = PBXBuildFile; fileRef = 7A610ABB2B47FA8E00D3096F /* LoginViewController.swift */; };
		7A610AC12B47FA8F00D3096F /* Assets.xcassets in Resources */ = {isa = PBXBuildFile; fileRef = 7A610AC02B47FA8F00D3096F /* Assets.xcassets */; };
		7A610AC42B47FA8F00D3096F /* LaunchScreen.storyboard in Resources */ = {isa = PBXBuildFile; fileRef = 7A610AC22B47FA8F00D3096F /* LaunchScreen.storyboard */; };
		7A610AD22B49004200D3096F /* SettingsViewController.swift in Sources */ = {isa = PBXBuildFile; fileRef = 7A610AD12B49004200D3096F /* SettingsViewController.swift */; };
		7A610AD62B49007100D3096F /* BattleViewController.swift in Sources */ = {isa = PBXBuildFile; fileRef = 7A610AD52B49007100D3096F /* BattleViewController.swift */; };
		7A610AD92B49009300D3096F /* HomeViewController.swift in Sources */ = {isa = PBXBuildFile; fileRef = 7A610AD82B49009300D3096F /* HomeViewController.swift */; };
		7A610ADC2B4900C800D3096F /* CombineMoya in Frameworks */ = {isa = PBXBuildFile; productRef = 7A610ADB2B4900C800D3096F /* CombineMoya */; };
		7A610ADE2B4900C800D3096F /* Moya in Frameworks */ = {isa = PBXBuildFile; productRef = 7A610ADD2B4900C800D3096F /* Moya */; };
		7A610AE02B4900C800D3096F /* ReactiveMoya in Frameworks */ = {isa = PBXBuildFile; productRef = 7A610ADF2B4900C800D3096F /* ReactiveMoya */; };
		7A610AE22B4900C800D3096F /* RxMoya in Frameworks */ = {isa = PBXBuildFile; productRef = 7A610AE12B4900C800D3096F /* RxMoya */; };
		7A610AE52B491ED600D3096F /* Dummy.swift in Sources */ = {isa = PBXBuildFile; fileRef = 7A610AE42B491ED600D3096F /* Dummy.swift */; };
		7A610AE72B491F1600D3096F /* HeaderView.swift in Sources */ = {isa = PBXBuildFile; fileRef = 7A610AE62B491F1600D3096F /* HeaderView.swift */; };
		7A610AEE2B493F6D00D3096F /* RegisterUsageViewController.swift in Sources */ = {isa = PBXBuildFile; fileRef = 7A610AED2B493F6D00D3096F /* RegisterUsageViewController.swift */; };
		7A610AF02B49414100D3096F /* RegisterProfileViewController.swift in Sources */ = {isa = PBXBuildFile; fileRef = 7A610AEF2B49414100D3096F /* RegisterProfileViewController.swift */; };
		7AC060FF2B4C5D78008C0E63 /* Design.swift in Sources */ = {isa = PBXBuildFile; fileRef = 7AC060FE2B4C5D78008C0E63 /* Design.swift */; };
		D20D6FDA2B581A05006D6762 /* CustomTabBarController.swift in Sources */ = {isa = PBXBuildFile; fileRef = D20D6FD92B581A05006D6762 /* CustomTabBarController.swift */; };
		D20D6FDC2B581A5A006D6762 /* UITabBar.swift in Sources */ = {isa = PBXBuildFile; fileRef = D20D6FDB2B581A5A006D6762 /* UITabBar.swift */; };
		D20D6FDE2B581B20006D6762 /* CALayer.swift in Sources */ = {isa = PBXBuildFile; fileRef = D20D6FDD2B581B20006D6762 /* CALayer.swift */; };
		D20D6FE32B5AED6A006D6762 /* String.swift in Sources */ = {isa = PBXBuildFile; fileRef = D20D6FE22B5AED6A006D6762 /* String.swift */; };
		D20D6FE52B5AEECB006D6762 /* Date.swift in Sources */ = {isa = PBXBuildFile; fileRef = D20D6FE42B5AEECB006D6762 /* Date.swift */; };
		D20D6FE92B5AF1E9006D6762 /* MainMonthView.swift in Sources */ = {isa = PBXBuildFile; fileRef = D20D6FE82B5AF1E9006D6762 /* MainMonthView.swift */; };
		D20D6FEB2B5AF62E006D6762 /* MainWeekDayView.swift in Sources */ = {isa = PBXBuildFile; fileRef = D20D6FEA2B5AF62D006D6762 /* MainWeekDayView.swift */; };
		D20D6FED2B5B9962006D6762 /* MainCalendarView.swift in Sources */ = {isa = PBXBuildFile; fileRef = D20D6FEC2B5B9962006D6762 /* MainCalendarView.swift */; };
		D20D6FEF2B5D3909006D6762 /* UIColor.swift in Sources */ = {isa = PBXBuildFile; fileRef = D20D6FEE2B5D3909006D6762 /* UIColor.swift */; };
		D20D6FF12B5D6635006D6762 /* CategoryButton.swift in Sources */ = {isa = PBXBuildFile; fileRef = D20D6FF02B5D6635006D6762 /* CategoryButton.swift */; };
		D20D6FF32B5D67B1006D6762 /* Category.swift in Sources */ = {isa = PBXBuildFile; fileRef = D20D6FF22B5D67B1006D6762 /* Category.swift */; };
		D20D6FF52B5E5B91006D6762 /* ToggleButton.swift in Sources */ = {isa = PBXBuildFile; fileRef = D20D6FF42B5E5B91006D6762 /* ToggleButton.swift */; };
		D20D6FF82B5E974D006D6762 /* MainStatistics.swift in Sources */ = {isa = PBXBuildFile; fileRef = D20D6FF72B5E974D006D6762 /* MainStatistics.swift */; };
		D20D6FFA2B5FB971006D6762 /* HomeConsumeView.swift in Sources */ = {isa = PBXBuildFile; fileRef = D20D6FF92B5FB971006D6762 /* HomeConsumeView.swift */; };
		D20D6FFC2B5FDF00006D6762 /* DailyConsume.swift in Sources */ = {isa = PBXBuildFile; fileRef = D20D6FFB2B5FDF00006D6762 /* DailyConsume.swift */; };
		D20D6FFE2B5FDF4C006D6762 /* ConsumeDetail.swift in Sources */ = {isa = PBXBuildFile; fileRef = D20D6FFD2B5FDF4C006D6762 /* ConsumeDetail.swift */; };
		D20D70022B5FF088006D6762 /* Formatter.swift in Sources */ = {isa = PBXBuildFile; fileRef = D20D70012B5FF088006D6762 /* Formatter.swift */; };
		D20D70042B5FF094006D6762 /* Numeric.swift in Sources */ = {isa = PBXBuildFile; fileRef = D20D70032B5FF094006D6762 /* Numeric.swift */; };
		D29536F12B4C0DF000EEA81F /* UserDefaults.swift in Sources */ = {isa = PBXBuildFile; fileRef = D29536F02B4C0DF000EEA81F /* UserDefaults.swift */; };
/* End PBXBuildFile section */

/* Begin PBXContainerItemProxy section */
		7A0D32C72B68EEEE007B2736 /* PBXContainerItemProxy */ = {
			isa = PBXContainerItemProxy;
			containerPortal = 7A610AAC2B47FA8E00D3096F /* Project object */;
			proxyType = 1;
			remoteGlobalIDString = 7A610AB32B47FA8E00D3096F;
			remoteInfo = "Money-Planner";
		};
/* End PBXContainerItemProxy section */

/* Begin PBXFileReference section */
		20118A102B56A86100B2569E /* ConsumeViewController.swift */ = {isa = PBXFileReference; lastKnownFileType = sourcecode.swift; path = ConsumeViewController.swift; sourceTree = "<group>"; };
		206C58D32B623C43008410C1 /* CategoryCell.swift */ = {isa = PBXFileReference; lastKnownFileType = sourcecode.swift; path = CategoryCell.swift; sourceTree = "<group>"; };
		206C58D72B626465008410C1 /* CategoryModalViewController.swift */ = {isa = PBXFileReference; lastKnownFileType = sourcecode.swift; path = CategoryModalViewController.swift; sourceTree = "<group>"; };
		206C58DE2B6306FE008410C1 /* CalendartModalViewController.swift */ = {isa = PBXFileReference; lastKnownFileType = sourcecode.swift; path = CalendartModalViewController.swift; sourceTree = "<group>"; };
		20AFDD8C2B6418A6008F8AB9 /* RepeatModalViewController.swift */ = {isa = PBXFileReference; lastKnownFileType = sourcecode.swift; path = RepeatModalViewController.swift; sourceTree = "<group>"; };
		20AFDD8E2B654CB4008F8AB9 /* ChooseDayView.swift */ = {isa = PBXFileReference; lastKnownFileType = sourcecode.swift; path = ChooseDayView.swift; sourceTree = "<group>"; };
		20AFDD902B656034008F8AB9 /* OneDayButton.swift */ = {isa = PBXFileReference; lastKnownFileType = sourcecode.swift; path = OneDayButton.swift; sourceTree = "<group>"; };
		20AFDD922B659779008F8AB9 /* RepeatIntervalViewController.swift */ = {isa = PBXFileReference; lastKnownFileType = sourcecode.swift; path = RepeatIntervalViewController.swift; sourceTree = "<group>"; };
		20AFDD942B65B882008F8AB9 /* ChooseDateView.swift */ = {isa = PBXFileReference; lastKnownFileType = sourcecode.swift; path = ChooseDateView.swift; sourceTree = "<group>"; };
		552A423D2B671B86007AEAAD /* EditGoalViewController.swift */ = {isa = PBXFileReference; lastKnownFileType = sourcecode.swift; path = EditGoalViewController.swift; sourceTree = "<group>"; };
		5591601B2B64595E00063F06 /* EvaluationViewController.swift */ = {isa = PBXFileReference; lastKnownFileType = sourcecode.swift; path = EvaluationViewController.swift; sourceTree = "<group>"; };
		7A0D32B12B68E130007B2736 /* TestAPI.swift */ = {isa = PBXFileReference; lastKnownFileType = sourcecode.swift; path = TestAPI.swift; sourceTree = "<group>"; };
		7A0D32B32B68E13A007B2736 /* TestRepository.swift */ = {isa = PBXFileReference; lastKnownFileType = sourcecode.swift; path = TestRepository.swift; sourceTree = "<group>"; };
		7A0D32B52B68E142007B2736 /* BaseAPI.swift */ = {isa = PBXFileReference; lastKnownFileType = sourcecode.swift; path = BaseAPI.swift; sourceTree = "<group>"; };
		7A0D32B72B68E14D007B2736 /* BaseRepository.swift */ = {isa = PBXFileReference; lastKnownFileType = sourcecode.swift; path = BaseRepository.swift; sourceTree = "<group>"; };
		7A0D32B92B68E15C007B2736 /* GoalRepository.swift */ = {isa = PBXFileReference; lastKnownFileType = sourcecode.swift; path = GoalRepository.swift; sourceTree = "<group>"; };
		7A0D32BB2B68E23F007B2736 /* BaseResponse.swift */ = {isa = PBXFileReference; lastKnownFileType = sourcecode.swift; path = BaseResponse.swift; sourceTree = "<group>"; };
		7A0D32BD2B68E9B9007B2736 /* GoalConnectionTestVC.swift */ = {isa = PBXFileReference; lastKnownFileType = sourcecode.swift; path = GoalConnectionTestVC.swift; sourceTree = "<group>"; };
		7A0D32C32B68EEEE007B2736 /* Money-PlannerTests.xctest */ = {isa = PBXFileReference; explicitFileType = wrapper.cfbundle; includeInIndex = 0; path = "Money-PlannerTests.xctest"; sourceTree = BUILT_PRODUCTS_DIR; };
		7A0D32C52B68EEEE007B2736 /* Money_PlannerTests.swift */ = {isa = PBXFileReference; lastKnownFileType = sourcecode.swift; path = Money_PlannerTests.swift; sourceTree = "<group>"; };
		7A0D32DF2B6FF5BD007B2736 /* PeriodCalendar.swift */ = {isa = PBXFileReference; lastKnownFileType = sourcecode.swift; path = PeriodCalendar.swift; sourceTree = "<group>"; };
		7A0D32E12B6FF81F007B2736 /* PeriodCalendarViewController.swift */ = {isa = PBXFileReference; lastKnownFileType = sourcecode.swift; path = PeriodCalendarViewController.swift; sourceTree = "<group>"; };
		7A0D32E32B700AB0007B2736 /* Config.xcconfig */ = {isa = PBXFileReference; fileEncoding = 4; lastKnownFileType = text.xcconfig; path = Config.xcconfig; sourceTree = "<group>"; };
		7A0D32E52B710F83007B2736 /* LoadingViewController.swift */ = {isa = PBXFileReference; lastKnownFileType = sourcecode.swift; path = LoadingViewController.swift; sourceTree = "<group>"; };
		7A0D32E72B72A4C9007B2736 /* GoalDetailsViewController.swift */ = {isa = PBXFileReference; lastKnownFileType = sourcecode.swift; path = GoalDetailsViewController.swift; sourceTree = "<group>"; };
		7A0D32EC2B7340BF007B2736 /* FoundPreviousConsumeRecordModal.swift */ = {isa = PBXFileReference; lastKnownFileType = sourcecode.swift; path = FoundPreviousConsumeRecordModal.swift; sourceTree = "<group>"; };
		7A0D32EE2B7359A2007B2736 /* WarnAboutUneditableModal.swift */ = {isa = PBXFileReference; lastKnownFileType = sourcecode.swift; path = WarnAboutUneditableModal.swift; sourceTree = "<group>"; };
		7A0D32F02B73860A007B2736 /* DdayLabel.swift */ = {isa = PBXFileReference; lastKnownFileType = sourcecode.swift; path = DdayLabel.swift; sourceTree = "<group>"; };
		7A0D32F22B77E867007B2736 /* UIImage.swift */ = {isa = PBXFileReference; lastKnownFileType = sourcecode.swift; path = UIImage.swift; sourceTree = "<group>"; };
		7A0D32F42B7A52AB007B2736 /* ShowingPeriodSelectionModal.swift */ = {isa = PBXFileReference; lastKnownFileType = sourcecode.swift; path = ShowingPeriodSelectionModal.swift; sourceTree = "<group>"; };
		7A0D32F82B7A8BEA007B2736 /* consumeDummy.json */ = {isa = PBXFileReference; lastKnownFileType = text.json; path = consumeDummy.json; sourceTree = "<group>"; };
		7A0D32F92B7BFEFF007B2736 /* LabelAndImageBtn.swift */ = {isa = PBXFileReference; lastKnownFileType = sourcecode.swift; path = LabelAndImageBtn.swift; sourceTree = "<group>"; };
		7A0D32FB2B7C03D7007B2736 /* TestViewController.swift */ = {isa = PBXFileReference; lastKnownFileType = sourcecode.swift; path = TestViewController.swift; sourceTree = "<group>"; };
		7A0D33002B7D39FC007B2736 /* GoalService.swift */ = {isa = PBXFileReference; lastKnownFileType = sourcecode.swift; path = GoalService.swift; sourceTree = "<group>"; };
		7A0D33032B7D3B7E007B2736 /* GoalReport.swift */ = {isa = PBXFileReference; lastKnownFileType = sourcecode.swift; path = GoalReport.swift; sourceTree = "<group>"; };
		7A0D33052B7D3F4B007B2736 /* now.swift */ = {isa = PBXFileReference; lastKnownFileType = sourcecode.swift; path = now.swift; sourceTree = "<group>"; };
		7A0D33072B7D3F53007B2736 /* not-now.swift */ = {isa = PBXFileReference; lastKnownFileType = sourcecode.swift; path = "not-now.swift"; sourceTree = "<group>"; };
		7A0D330A2B7D4711007B2736 /* GoalReportViewModel.swift */ = {isa = PBXFileReference; lastKnownFileType = sourcecode.swift; path = GoalReportViewModel.swift; sourceTree = "<group>"; };
		7A0D330C2B7DF524007B2736 /* GoalSpendingViewModel.swift */ = {isa = PBXFileReference; lastKnownFileType = sourcecode.swift; path = GoalSpendingViewModel.swift; sourceTree = "<group>"; };
		7A0D330E2B7DF550007B2736 /* GoalSpending.swift */ = {isa = PBXFileReference; lastKnownFileType = sourcecode.swift; path = GoalSpending.swift; sourceTree = "<group>"; };
		7A0D33102B7DF9DD007B2736 /* GoalCreationManager.swift */ = {isa = PBXFileReference; lastKnownFileType = sourcecode.swift; path = GoalCreationManager.swift; sourceTree = "<group>"; };
		7A4C67382B5A4A49008BCAC9 /* MPLabel.swift */ = {isa = PBXFileReference; lastKnownFileType = sourcecode.swift; path = MPLabel.swift; sourceTree = "<group>"; };
		7A4C673A2B5A4A8D008BCAC9 /* DescriptionView.swift */ = {isa = PBXFileReference; lastKnownFileType = sourcecode.swift; path = DescriptionView.swift; sourceTree = "<group>"; };
		7A4C673C2B5A4AAF008BCAC9 /* SubDescriptionView.swift */ = {isa = PBXFileReference; lastKnownFileType = sourcecode.swift; path = SubDescriptionView.swift; sourceTree = "<group>"; };
		7A4C673E2B5A4AC9008BCAC9 /* CheckBtn.swift */ = {isa = PBXFileReference; lastKnownFileType = sourcecode.swift; path = CheckBtn.swift; sourceTree = "<group>"; };
		7A4C67402B5A4AF1008BCAC9 /* MainBottomBtn.swift */ = {isa = PBXFileReference; lastKnownFileType = sourcecode.swift; path = MainBottomBtn.swift; sourceTree = "<group>"; };
		7A4C67422B5A4B22008BCAC9 /* SmallButtonView.swift */ = {isa = PBXFileReference; lastKnownFileType = sourcecode.swift; path = SmallButtonView.swift; sourceTree = "<group>"; };
		7A4C67452B5A4B77008BCAC9 /* MainTextField.swift */ = {isa = PBXFileReference; lastKnownFileType = sourcecode.swift; path = MainTextField.swift; sourceTree = "<group>"; };
		7A5767582B63968F009A5972 /* GoalCategoryViewController.swift */ = {isa = PBXFileReference; lastKnownFileType = sourcecode.swift; path = GoalCategoryViewController.swift; sourceTree = "<group>"; };
		7A57675A2B63969B009A5972 /* GoalComponents.swift */ = {isa = PBXFileReference; lastKnownFileType = sourcecode.swift; path = GoalComponents.swift; sourceTree = "<group>"; };
		7A57675C2B6396A8009A5972 /* GoalDailyViewController.swift */ = {isa = PBXFileReference; lastKnownFileType = sourcecode.swift; path = GoalDailyViewController.swift; sourceTree = "<group>"; };
		7A57675E2B6396B2009A5972 /* GoalFinalViewController.swift */ = {isa = PBXFileReference; lastKnownFileType = sourcecode.swift; path = GoalFinalViewController.swift; sourceTree = "<group>"; };
		7A5767602B6396BE009A5972 /* GoalMainViewController.swift */ = {isa = PBXFileReference; lastKnownFileType = sourcecode.swift; path = GoalMainViewController.swift; sourceTree = "<group>"; };
		7A5767622B6396CF009A5972 /* GoalNameViewController.swift */ = {isa = PBXFileReference; lastKnownFileType = sourcecode.swift; path = GoalNameViewController.swift; sourceTree = "<group>"; };
		7A5767642B6396E0009A5972 /* GoalPeriodVeiwController.swift */ = {isa = PBXFileReference; lastKnownFileType = sourcecode.swift; path = GoalPeriodVeiwController.swift; sourceTree = "<group>"; };
		7A5767662B6396F1009A5972 /* GoalTotalAmountViewController.swift */ = {isa = PBXFileReference; lastKnownFileType = sourcecode.swift; path = GoalTotalAmountViewController.swift; sourceTree = "<group>"; };
		7A57676A2B639817009A5972 /* GoalViewModel.swift */ = {isa = PBXFileReference; lastKnownFileType = sourcecode.swift; path = GoalViewModel.swift; sourceTree = "<group>"; };
		7A57676D2B6398B0009A5972 /* Goal.swift */ = {isa = PBXFileReference; lastKnownFileType = sourcecode.swift; path = Goal.swift; sourceTree = "<group>"; };
		7A5767712B639A65009A5972 /* NetworkMangager.swift */ = {isa = PBXFileReference; lastKnownFileType = sourcecode.swift; path = NetworkMangager.swift; sourceTree = "<group>"; };
		7A5767732B639A6F009A5972 /* GoalAPI.swift */ = {isa = PBXFileReference; lastKnownFileType = sourcecode.swift; path = GoalAPI.swift; sourceTree = "<group>"; };
		7A5767752B64D64A009A5972 /* CategoryViewModel.swift */ = {isa = PBXFileReference; lastKnownFileType = sourcecode.swift; path = CategoryViewModel.swift; sourceTree = "<group>"; };
		7A610AB42B47FA8E00D3096F /* Money-Planner.app */ = {isa = PBXFileReference; explicitFileType = wrapper.application; includeInIndex = 0; path = "Money-Planner.app"; sourceTree = BUILT_PRODUCTS_DIR; };
		7A610AB72B47FA8E00D3096F /* AppDelegate.swift */ = {isa = PBXFileReference; lastKnownFileType = sourcecode.swift; path = AppDelegate.swift; sourceTree = "<group>"; };
		7A610AB92B47FA8E00D3096F /* SceneDelegate.swift */ = {isa = PBXFileReference; lastKnownFileType = sourcecode.swift; path = SceneDelegate.swift; sourceTree = "<group>"; };
		7A610ABB2B47FA8E00D3096F /* LoginViewController.swift */ = {isa = PBXFileReference; lastKnownFileType = sourcecode.swift; path = LoginViewController.swift; sourceTree = "<group>"; };
		7A610AC02B47FA8F00D3096F /* Assets.xcassets */ = {isa = PBXFileReference; lastKnownFileType = folder.assetcatalog; path = Assets.xcassets; sourceTree = "<group>"; };
		7A610AC32B47FA8F00D3096F /* Base */ = {isa = PBXFileReference; lastKnownFileType = file.storyboard; name = Base; path = Base.lproj/LaunchScreen.storyboard; sourceTree = "<group>"; };
		7A610AC52B47FA8F00D3096F /* Info.plist */ = {isa = PBXFileReference; lastKnownFileType = text.plist.xml; path = Info.plist; sourceTree = "<group>"; };
		7A610AD12B49004200D3096F /* SettingsViewController.swift */ = {isa = PBXFileReference; lastKnownFileType = sourcecode.swift; path = SettingsViewController.swift; sourceTree = "<group>"; };
		7A610AD52B49007100D3096F /* BattleViewController.swift */ = {isa = PBXFileReference; lastKnownFileType = sourcecode.swift; path = BattleViewController.swift; sourceTree = "<group>"; };
		7A610AD82B49009300D3096F /* HomeViewController.swift */ = {isa = PBXFileReference; lastKnownFileType = sourcecode.swift; path = HomeViewController.swift; sourceTree = "<group>"; };
		7A610AE42B491ED600D3096F /* Dummy.swift */ = {isa = PBXFileReference; lastKnownFileType = sourcecode.swift; path = Dummy.swift; sourceTree = "<group>"; };
		7A610AE62B491F1600D3096F /* HeaderView.swift */ = {isa = PBXFileReference; lastKnownFileType = sourcecode.swift; path = HeaderView.swift; sourceTree = "<group>"; };
		7A610AED2B493F6D00D3096F /* RegisterUsageViewController.swift */ = {isa = PBXFileReference; lastKnownFileType = sourcecode.swift; path = RegisterUsageViewController.swift; sourceTree = "<group>"; };
		7A610AEF2B49414100D3096F /* RegisterProfileViewController.swift */ = {isa = PBXFileReference; lastKnownFileType = sourcecode.swift; path = RegisterProfileViewController.swift; sourceTree = "<group>"; };
		7AC060FE2B4C5D78008C0E63 /* Design.swift */ = {isa = PBXFileReference; lastKnownFileType = sourcecode.swift; path = Design.swift; sourceTree = "<group>"; };
		D20D6FD92B581A05006D6762 /* CustomTabBarController.swift */ = {isa = PBXFileReference; lastKnownFileType = sourcecode.swift; path = CustomTabBarController.swift; sourceTree = "<group>"; };
		D20D6FDB2B581A5A006D6762 /* UITabBar.swift */ = {isa = PBXFileReference; lastKnownFileType = sourcecode.swift; path = UITabBar.swift; sourceTree = "<group>"; };
		D20D6FDD2B581B20006D6762 /* CALayer.swift */ = {isa = PBXFileReference; lastKnownFileType = sourcecode.swift; path = CALayer.swift; sourceTree = "<group>"; };
		D20D6FE22B5AED6A006D6762 /* String.swift */ = {isa = PBXFileReference; lastKnownFileType = sourcecode.swift; path = String.swift; sourceTree = "<group>"; };
		D20D6FE42B5AEECB006D6762 /* Date.swift */ = {isa = PBXFileReference; lastKnownFileType = sourcecode.swift; path = Date.swift; sourceTree = "<group>"; };
		D20D6FE82B5AF1E9006D6762 /* MainMonthView.swift */ = {isa = PBXFileReference; lastKnownFileType = sourcecode.swift; path = MainMonthView.swift; sourceTree = "<group>"; };
		D20D6FEA2B5AF62D006D6762 /* MainWeekDayView.swift */ = {isa = PBXFileReference; lastKnownFileType = sourcecode.swift; path = MainWeekDayView.swift; sourceTree = "<group>"; };
		D20D6FEC2B5B9962006D6762 /* MainCalendarView.swift */ = {isa = PBXFileReference; lastKnownFileType = sourcecode.swift; path = MainCalendarView.swift; sourceTree = "<group>"; };
		D20D6FEE2B5D3909006D6762 /* UIColor.swift */ = {isa = PBXFileReference; lastKnownFileType = sourcecode.swift; path = UIColor.swift; sourceTree = "<group>"; };
		D20D6FF02B5D6635006D6762 /* CategoryButton.swift */ = {isa = PBXFileReference; lastKnownFileType = sourcecode.swift; path = CategoryButton.swift; sourceTree = "<group>"; };
		D20D6FF22B5D67B1006D6762 /* Category.swift */ = {isa = PBXFileReference; lastKnownFileType = sourcecode.swift; path = Category.swift; sourceTree = "<group>"; };
		D20D6FF42B5E5B91006D6762 /* ToggleButton.swift */ = {isa = PBXFileReference; lastKnownFileType = sourcecode.swift; path = ToggleButton.swift; sourceTree = "<group>"; };
		D20D6FF72B5E974D006D6762 /* MainStatistics.swift */ = {isa = PBXFileReference; lastKnownFileType = sourcecode.swift; path = MainStatistics.swift; sourceTree = "<group>"; };
		D20D6FF92B5FB971006D6762 /* HomeConsumeView.swift */ = {isa = PBXFileReference; lastKnownFileType = sourcecode.swift; path = HomeConsumeView.swift; sourceTree = "<group>"; };
		D20D6FFB2B5FDF00006D6762 /* DailyConsume.swift */ = {isa = PBXFileReference; lastKnownFileType = sourcecode.swift; path = DailyConsume.swift; sourceTree = "<group>"; };
		D20D6FFD2B5FDF4C006D6762 /* ConsumeDetail.swift */ = {isa = PBXFileReference; lastKnownFileType = sourcecode.swift; path = ConsumeDetail.swift; sourceTree = "<group>"; };
		D20D70012B5FF088006D6762 /* Formatter.swift */ = {isa = PBXFileReference; lastKnownFileType = sourcecode.swift; path = Formatter.swift; sourceTree = "<group>"; };
		D20D70032B5FF094006D6762 /* Numeric.swift */ = {isa = PBXFileReference; lastKnownFileType = sourcecode.swift; path = Numeric.swift; sourceTree = "<group>"; };
		D29536EF2B4C091400EEA81F /* Money-Planner.entitlements */ = {isa = PBXFileReference; lastKnownFileType = text.plist.entitlements; path = "Money-Planner.entitlements"; sourceTree = "<group>"; };
		D29536F02B4C0DF000EEA81F /* UserDefaults.swift */ = {isa = PBXFileReference; lastKnownFileType = sourcecode.swift; path = UserDefaults.swift; sourceTree = "<group>"; };
/* End PBXFileReference section */

/* Begin PBXFrameworksBuildPhase section */
		7A0D32C02B68EEEE007B2736 /* Frameworks */ = {
			isa = PBXFrameworksBuildPhase;
			buildActionMask = 2147483647;
			files = (
				7A0D32CF2B68EF4D007B2736 /* RxCocoa in Frameworks */,
			);
			runOnlyForDeploymentPostprocessing = 0;
		};
		7A610AB12B47FA8E00D3096F /* Frameworks */ = {
			isa = PBXFrameworksBuildPhase;
			buildActionMask = 2147483647;
			files = (
				7A610ADE2B4900C800D3096F /* Moya in Frameworks */,
				7A0D32DA2B6F5DDD007B2736 /* RxKakaoSDKAuth in Frameworks */,
				7A610ADC2B4900C800D3096F /* CombineMoya in Frameworks */,
				7A0D32EB2B72BC3F007B2736 /* FSCalendar in Frameworks */,
				7A0D32D12B68EFBB007B2736 /* RxCocoa in Frameworks */,
				7A0D32DC2B6F5DDD007B2736 /* RxKakaoSDKCommon in Frameworks */,
				7A610AE22B4900C800D3096F /* RxMoya in Frameworks */,
				7A0D32DE2B6F5DDD007B2736 /* RxKakaoSDKUser in Frameworks */,
				7A610AE02B4900C800D3096F /* ReactiveMoya in Frameworks */,
				7A0D32D82B6F5DDD007B2736 /* RxKakaoSDK in Frameworks */,
			);
			runOnlyForDeploymentPostprocessing = 0;
		};
/* End PBXFrameworksBuildPhase section */

/* Begin PBXGroup section */
		20118A0E2B56A83400B2569E /* Consume */ = {
			isa = PBXGroup;
			children = (
				20118A102B56A86100B2569E /* ConsumeViewController.swift */,
				5591601B2B64595E00063F06 /* EvaluationViewController.swift */,
			);
			path = Consume;
			sourceTree = "<group>";
		};
		206C58D02B617396008410C1 /* Modal */ = {
			isa = PBXGroup;
			children = (
				20AFDD902B656034008F8AB9 /* OneDayButton.swift */,
				206C58D32B623C43008410C1 /* CategoryCell.swift */,
				20AFDD8E2B654CB4008F8AB9 /* ChooseDayView.swift */,
				20AFDD942B65B882008F8AB9 /* ChooseDateView.swift */,
				20AFDD922B659779008F8AB9 /* RepeatIntervalViewController.swift */,
				20AFDD8C2B6418A6008F8AB9 /* RepeatModalViewController.swift */,
				206C58D72B626465008410C1 /* CategoryModalViewController.swift */,
				206C58DE2B6306FE008410C1 /* CalendartModalViewController.swift */,
				7A0D32EC2B7340BF007B2736 /* FoundPreviousConsumeRecordModal.swift */,
				7A0D32EE2B7359A2007B2736 /* WarnAboutUneditableModal.swift */,
				7A0D32E12B6FF81F007B2736 /* PeriodCalendarViewController.swift */,
				7A0D32F42B7A52AB007B2736 /* ShowingPeriodSelectionModal.swift */,
			);
			path = Modal;
			sourceTree = "<group>";
		};
		7A0D32AE2B68E100007B2736 /* Base */ = {
			isa = PBXGroup;
			children = (
				7A0D32B52B68E142007B2736 /* BaseAPI.swift */,
				7A0D32B72B68E14D007B2736 /* BaseRepository.swift */,
				7A0D32BB2B68E23F007B2736 /* BaseResponse.swift */,
			);
			path = Base;
			sourceTree = "<group>";
		};
		7A0D32AF2B68E10D007B2736 /* Test */ = {
			isa = PBXGroup;
			children = (
				7A0D32B12B68E130007B2736 /* TestAPI.swift */,
				7A0D32B32B68E13A007B2736 /* TestRepository.swift */,
			);
			path = Test;
			sourceTree = "<group>";
		};
		7A0D32B02B68E113007B2736 /* Goal */ = {
			isa = PBXGroup;
			children = (
				7A5767732B639A6F009A5972 /* GoalAPI.swift */,
				7A0D32B92B68E15C007B2736 /* GoalRepository.swift */,
				7A0D32BD2B68E9B9007B2736 /* GoalConnectionTestVC.swift */,
			);
			path = Goal;
			sourceTree = "<group>";
		};
		7A0D32C42B68EEEE007B2736 /* Money-PlannerTests */ = {
			isa = PBXGroup;
			children = (
				7A0D32C52B68EEEE007B2736 /* Money_PlannerTests.swift */,
			);
			path = "Money-PlannerTests";
			sourceTree = "<group>";
		};
		7A0D32CC2B68EF10007B2736 /* Frameworks */ = {
			isa = PBXGroup;
			children = (
			);
			name = Frameworks;
			sourceTree = "<group>";
		};
		7A0D32FD2B7D2FB8007B2736 /* Goal */ = {
			isa = PBXGroup;
			children = (
				7A0D33052B7D3F4B007B2736 /* now.swift */,
				7A0D33072B7D3F53007B2736 /* not-now.swift */,
				7A0D330E2B7DF550007B2736 /* GoalSpending.swift */,
				7A0D33032B7D3B7E007B2736 /* GoalReport.swift */,
				7A610AE42B491ED600D3096F /* Dummy.swift */,
				7A57676D2B6398B0009A5972 /* Goal.swift */,
				7A0D33002B7D39FC007B2736 /* GoalService.swift */,
			);
			path = Goal;
			sourceTree = "<group>";
		};
		7A0D33022B7D3B32007B2736 /* Category */ = {
			isa = PBXGroup;
			children = (
			);
			path = Category;
			sourceTree = "<group>";
		};
		7A0D33092B7D46E1007B2736 /* GoalViewModel */ = {
			isa = PBXGroup;
			children = (
				7A57676A2B639817009A5972 /* GoalViewModel.swift */,
				7A0D330A2B7D4711007B2736 /* GoalReportViewModel.swift */,
				7A0D330C2B7DF524007B2736 /* GoalSpendingViewModel.swift */,
				7A0D33102B7DF9DD007B2736 /* GoalCreationManager.swift */,
			);
			path = GoalViewModel;
			sourceTree = "<group>";
		};
		7A4C67322B5A47BD008BCAC9 /* CustomView */ = {
			isa = PBXGroup;
			children = (
				206C58D02B617396008410C1 /* Modal */,
				D20D6FF62B5E9734006D6762 /* Statistics */,
				D20D6FDF2B5AEC76006D6762 /* TabBar */,
				7A610AE62B491F1600D3096F /* HeaderView.swift */,
				7A4C67442B5A4B66008BCAC9 /* TextField */,
				7A4C67372B5A4A24008BCAC9 /* ImageView */,
				7A4C67362B5A4A1B008BCAC9 /* TableViewCell */,
				7A4C67352B5A490E008BCAC9 /* Calendar */,
				7A4C67342B5A47F9008BCAC9 /* Label */,
				7A4C67332B5A47F4008BCAC9 /* Button */,
			);
			path = CustomView;
			sourceTree = "<group>";
		};
		7A4C67332B5A47F4008BCAC9 /* Button */ = {
			isa = PBXGroup;
			children = (
				7A4C673E2B5A4AC9008BCAC9 /* CheckBtn.swift */,
				7A4C67402B5A4AF1008BCAC9 /* MainBottomBtn.swift */,
				7A4C67422B5A4B22008BCAC9 /* SmallButtonView.swift */,
				D20D6FF02B5D6635006D6762 /* CategoryButton.swift */,
				D20D6FF42B5E5B91006D6762 /* ToggleButton.swift */,
				7A0D32F92B7BFEFF007B2736 /* LabelAndImageBtn.swift */,
			);
			path = Button;
			sourceTree = "<group>";
		};
		7A4C67342B5A47F9008BCAC9 /* Label */ = {
			isa = PBXGroup;
			children = (
				7A4C67382B5A4A49008BCAC9 /* MPLabel.swift */,
				7A4C673A2B5A4A8D008BCAC9 /* DescriptionView.swift */,
				7A4C673C2B5A4AAF008BCAC9 /* SubDescriptionView.swift */,
				7A0D32F02B73860A007B2736 /* DdayLabel.swift */,
			);
			path = Label;
			sourceTree = "<group>";
		};
		7A4C67352B5A490E008BCAC9 /* Calendar */ = {
			isa = PBXGroup;
			children = (
				D20D6FE82B5AF1E9006D6762 /* MainMonthView.swift */,
				D20D6FEA2B5AF62D006D6762 /* MainWeekDayView.swift */,
				D20D6FEC2B5B9962006D6762 /* MainCalendarView.swift */,
				7A0D32DF2B6FF5BD007B2736 /* PeriodCalendar.swift */,
			);
			path = Calendar;
			sourceTree = "<group>";
		};
		7A4C67362B5A4A1B008BCAC9 /* TableViewCell */ = {
			isa = PBXGroup;
			children = (
			);
			path = TableViewCell;
			sourceTree = "<group>";
		};
		7A4C67372B5A4A24008BCAC9 /* ImageView */ = {
			isa = PBXGroup;
			children = (
			);
			path = ImageView;
			sourceTree = "<group>";
		};
		7A4C67442B5A4B66008BCAC9 /* TextField */ = {
			isa = PBXGroup;
			children = (
				7A4C67452B5A4B77008BCAC9 /* MainTextField.swift */,
			);
			path = TextField;
			sourceTree = "<group>";
		};
		7A5767692B639802009A5972 /* ViewModel */ = {
			isa = PBXGroup;
			children = (
				7A0D33092B7D46E1007B2736 /* GoalViewModel */,
				7A5767752B64D64A009A5972 /* CategoryViewModel.swift */,
			);
			path = ViewModel;
			sourceTree = "<group>";
		};
		7A5767702B639A54009A5972 /* Network */ = {
			isa = PBXGroup;
			children = (
				7A0D32B02B68E113007B2736 /* Goal */,
				7A0D32AF2B68E10D007B2736 /* Test */,
				7A0D32AE2B68E100007B2736 /* Base */,
				7A5767712B639A65009A5972 /* NetworkMangager.swift */,
			);
			path = Network;
			sourceTree = "<group>";
		};
		7A610AAB2B47FA8E00D3096F = {
			isa = PBXGroup;
			children = (
				7A610AB62B47FA8E00D3096F /* Money-Planner */,
				7A0D32C42B68EEEE007B2736 /* Money-PlannerTests */,
				7A610AB52B47FA8E00D3096F /* Products */,
				7A0D32CC2B68EF10007B2736 /* Frameworks */,
			);
			sourceTree = "<group>";
		};
		7A610AB52B47FA8E00D3096F /* Products */ = {
			isa = PBXGroup;
			children = (
				7A610AB42B47FA8E00D3096F /* Money-Planner.app */,
				7A0D32C32B68EEEE007B2736 /* Money-PlannerTests.xctest */,
			);
			name = Products;
			sourceTree = "<group>";
		};
		7A610AB62B47FA8E00D3096F /* Money-Planner */ = {
			isa = PBXGroup;
			children = (
				7A0D32E32B700AB0007B2736 /* Config.xcconfig */,
				7A610AB92B47FA8E00D3096F /* SceneDelegate.swift */,
				7A610AB72B47FA8E00D3096F /* AppDelegate.swift */,
				7A5767702B639A54009A5972 /* Network */,
				7A4C67322B5A47BD008BCAC9 /* CustomView */,
				D29536EF2B4C091400EEA81F /* Money-Planner.entitlements */,
				D29536ED2B4C076F00EEA81F /* Common */,
				7A610AD02B48FEE000D3096F /* Notification */,
				7A610ACE2B480B5B00D3096F /* Model */,
				7A5767692B639802009A5972 /* ViewModel */,
				7A610ACC2B480B0E00D3096F /* View */,
				7A610AC02B47FA8F00D3096F /* Assets.xcassets */,
				7A610AC22B47FA8F00D3096F /* LaunchScreen.storyboard */,
				7A610AC52B47FA8F00D3096F /* Info.plist */,
			);
			path = "Money-Planner";
			sourceTree = "<group>";
		};
		7A610ACC2B480B0E00D3096F /* View */ = {
			isa = PBXGroup;
			children = (
				20118A0E2B56A83400B2569E /* Consume */,
				7A610AEC2B493F3B00D3096F /* Usage */,
				7A610AE82B493E8000D3096F /* Goal */,
				7A610AE32B49020700D3096F /* Login */,
				7A610AD72B49008600D3096F /* Home */,
				7A610AD42B49005400D3096F /* Battle */,
				7A610AD32B49004500D3096F /* Settings */,
			);
			path = View;
			sourceTree = "<group>";
		};
		7A610ACE2B480B5B00D3096F /* Model */ = {
			isa = PBXGroup;
			children = (
				7A0D33022B7D3B32007B2736 /* Category */,
				7A0D32FD2B7D2FB8007B2736 /* Goal */,
				D20D6FF22B5D67B1006D6762 /* Category.swift */,
				D20D6FFB2B5FDF00006D6762 /* DailyConsume.swift */,
				D20D6FFD2B5FDF4C006D6762 /* ConsumeDetail.swift */,
			);
			path = Model;
			sourceTree = "<group>";
		};
		7A610AD02B48FEE000D3096F /* Notification */ = {
			isa = PBXGroup;
			children = (
			);
			path = Notification;
			sourceTree = "<group>";
		};
		7A610AD32B49004500D3096F /* Settings */ = {
			isa = PBXGroup;
			children = (
				7A610AD12B49004200D3096F /* SettingsViewController.swift */,
			);
			path = Settings;
			sourceTree = "<group>";
		};
		7A610AD42B49005400D3096F /* Battle */ = {
			isa = PBXGroup;
			children = (
				7A610AD52B49007100D3096F /* BattleViewController.swift */,
			);
			path = Battle;
			sourceTree = "<group>";
		};
		7A610AD72B49008600D3096F /* Home */ = {
			isa = PBXGroup;
			children = (
				7A610AD82B49009300D3096F /* HomeViewController.swift */,
				D20D6FF92B5FB971006D6762 /* HomeConsumeView.swift */,
			);
			path = Home;
			sourceTree = "<group>";
		};
		7A610AE32B49020700D3096F /* Login */ = {
			isa = PBXGroup;
			children = (
				7A610ABB2B47FA8E00D3096F /* LoginViewController.swift */,
				7A610AEF2B49414100D3096F /* RegisterProfileViewController.swift */,
				7A0D32E52B710F83007B2736 /* LoadingViewController.swift */,
			);
			path = Login;
			sourceTree = "<group>";
		};
		7A610AE82B493E8000D3096F /* Goal */ = {
			isa = PBXGroup;
			children = (
				7A57675A2B63969B009A5972 /* GoalComponents.swift */,
				7A5767602B6396BE009A5972 /* GoalMainViewController.swift */,
				7A5767622B6396CF009A5972 /* GoalNameViewController.swift */,
				7A5767642B6396E0009A5972 /* GoalPeriodVeiwController.swift */,
				7A5767662B6396F1009A5972 /* GoalTotalAmountViewController.swift */,
				7A5767582B63968F009A5972 /* GoalCategoryViewController.swift */,
				7A57675C2B6396A8009A5972 /* GoalDailyViewController.swift */,
				7A57675E2B6396B2009A5972 /* GoalFinalViewController.swift */,
				7A0D32E72B72A4C9007B2736 /* GoalDetailsViewController.swift */,
				552A423D2B671B86007AEAAD /* EditGoalViewController.swift */,
				7A0D32F82B7A8BEA007B2736 /* consumeDummy.json */,
				7A0D32FB2B7C03D7007B2736 /* TestViewController.swift */,
			);
			path = Goal;
			sourceTree = "<group>";
		};
		7A610AEC2B493F3B00D3096F /* Usage */ = {
			isa = PBXGroup;
			children = (
				7A610AED2B493F6D00D3096F /* RegisterUsageViewController.swift */,
			);
			path = Usage;
			sourceTree = "<group>";
		};
		D20D6FDF2B5AEC76006D6762 /* TabBar */ = {
			isa = PBXGroup;
			children = (
				D20D6FD92B581A05006D6762 /* CustomTabBarController.swift */,
			);
			path = TabBar;
			sourceTree = "<group>";
		};
		D20D6FF62B5E9734006D6762 /* Statistics */ = {
			isa = PBXGroup;
			children = (
				D20D6FF72B5E974D006D6762 /* MainStatistics.swift */,
			);
			path = Statistics;
			sourceTree = "<group>";
		};
		D29536ED2B4C076F00EEA81F /* Common */ = {
			isa = PBXGroup;
			children = (
				D29536EE2B4C077700EEA81F /* Extensions */,
			);
			path = Common;
			sourceTree = "<group>";
		};
		D29536EE2B4C077700EEA81F /* Extensions */ = {
			isa = PBXGroup;
			children = (
				D29536F02B4C0DF000EEA81F /* UserDefaults.swift */,
				7AC060FE2B4C5D78008C0E63 /* Design.swift */,
				D20D6FDB2B581A5A006D6762 /* UITabBar.swift */,
				D20D6FDD2B581B20006D6762 /* CALayer.swift */,
				D20D6FE22B5AED6A006D6762 /* String.swift */,
				D20D6FE42B5AEECB006D6762 /* Date.swift */,
				D20D6FEE2B5D3909006D6762 /* UIColor.swift */,
				D20D70012B5FF088006D6762 /* Formatter.swift */,
				D20D70032B5FF094006D6762 /* Numeric.swift */,
				7A0D32F22B77E867007B2736 /* UIImage.swift */,
			);
			path = Extensions;
			sourceTree = "<group>";
		};
/* End PBXGroup section */

/* Begin PBXNativeTarget section */
		7A0D32C22B68EEEE007B2736 /* Money-PlannerTests */ = {
			isa = PBXNativeTarget;
			buildConfigurationList = 7A0D32C92B68EEEE007B2736 /* Build configuration list for PBXNativeTarget "Money-PlannerTests" */;
			buildPhases = (
				7A0D32BF2B68EEEE007B2736 /* Sources */,
				7A0D32C02B68EEEE007B2736 /* Frameworks */,
				7A0D32C12B68EEEE007B2736 /* Resources */,
			);
			buildRules = (
			);
			dependencies = (
				7A0D32C82B68EEEE007B2736 /* PBXTargetDependency */,
			);
			name = "Money-PlannerTests";
			packageProductDependencies = (
				7A0D32CE2B68EF4D007B2736 /* RxCocoa */,
			);
			productName = "Money-PlannerTests";
			productReference = 7A0D32C32B68EEEE007B2736 /* Money-PlannerTests.xctest */;
			productType = "com.apple.product-type.bundle.unit-test";
		};
		7A610AB32B47FA8E00D3096F /* Money-Planner */ = {
			isa = PBXNativeTarget;
			buildConfigurationList = 7A610AC82B47FA8F00D3096F /* Build configuration list for PBXNativeTarget "Money-Planner" */;
			buildPhases = (
				7A610AB02B47FA8E00D3096F /* Sources */,
				7A610AB12B47FA8E00D3096F /* Frameworks */,
				7A610AB22B47FA8E00D3096F /* Resources */,
			);
			buildRules = (
			);
			dependencies = (
			);
			name = "Money-Planner";
			packageProductDependencies = (
				7A610ADB2B4900C800D3096F /* CombineMoya */,
				7A610ADD2B4900C800D3096F /* Moya */,
				7A610ADF2B4900C800D3096F /* ReactiveMoya */,
				7A610AE12B4900C800D3096F /* RxMoya */,
				7A0D32D02B68EFBB007B2736 /* RxCocoa */,
				7A0D32D72B6F5DDD007B2736 /* RxKakaoSDK */,
				7A0D32D92B6F5DDD007B2736 /* RxKakaoSDKAuth */,
				7A0D32DB2B6F5DDD007B2736 /* RxKakaoSDKCommon */,
				7A0D32DD2B6F5DDD007B2736 /* RxKakaoSDKUser */,
				7A0D32EA2B72BC3F007B2736 /* FSCalendar */,
			);
			productName = "Money-Planner";
			productReference = 7A610AB42B47FA8E00D3096F /* Money-Planner.app */;
			productType = "com.apple.product-type.application";
		};
/* End PBXNativeTarget section */

/* Begin PBXProject section */
		7A610AAC2B47FA8E00D3096F /* Project object */ = {
			isa = PBXProject;
			attributes = {
				BuildIndependentTargetsInParallel = 1;
				LastSwiftUpdateCheck = 1520;
				LastUpgradeCheck = 1510;
				TargetAttributes = {
					7A0D32C22B68EEEE007B2736 = {
						CreatedOnToolsVersion = 15.2;
						TestTargetID = 7A610AB32B47FA8E00D3096F;
					};
					7A610AB32B47FA8E00D3096F = {
						CreatedOnToolsVersion = 15.1;
					};
				};
			};
			buildConfigurationList = 7A610AAF2B47FA8E00D3096F /* Build configuration list for PBXProject "Money-Planner" */;
			compatibilityVersion = "Xcode 14.0";
			developmentRegion = en;
			hasScannedForEncodings = 0;
			knownRegions = (
				en,
				Base,
			);
			mainGroup = 7A610AAB2B47FA8E00D3096F;
			packageReferences = (
				7A610ADA2B4900C800D3096F /* XCRemoteSwiftPackageReference "Moya" */,
				7A0D32CD2B68EF3A007B2736 /* XCRemoteSwiftPackageReference "RxSwift" */,
				7A0D32D42B6CAB92007B2736 /* XCRemoteSwiftPackageReference "kakao-ios-sdk-rx" */,
				7A0D32E92B72BC3F007B2736 /* XCRemoteSwiftPackageReference "FSCalendar" */,
			);
			productRefGroup = 7A610AB52B47FA8E00D3096F /* Products */;
			projectDirPath = "";
			projectRoot = "";
			targets = (
				7A610AB32B47FA8E00D3096F /* Money-Planner */,
				7A0D32C22B68EEEE007B2736 /* Money-PlannerTests */,
			);
		};
/* End PBXProject section */

/* Begin PBXResourcesBuildPhase section */
		7A0D32C12B68EEEE007B2736 /* Resources */ = {
			isa = PBXResourcesBuildPhase;
			buildActionMask = 2147483647;
			files = (
			);
			runOnlyForDeploymentPostprocessing = 0;
		};
		7A610AB22B47FA8E00D3096F /* Resources */ = {
			isa = PBXResourcesBuildPhase;
			buildActionMask = 2147483647;
			files = (
				7A610AC42B47FA8F00D3096F /* LaunchScreen.storyboard in Resources */,
				7A0D32E42B700AB0007B2736 /* Config.xcconfig in Resources */,
				7A610AC12B47FA8F00D3096F /* Assets.xcassets in Resources */,
			);
			runOnlyForDeploymentPostprocessing = 0;
		};
/* End PBXResourcesBuildPhase section */

/* Begin PBXSourcesBuildPhase section */
		7A0D32BF2B68EEEE007B2736 /* Sources */ = {
			isa = PBXSourcesBuildPhase;
			buildActionMask = 2147483647;
			files = (
				7A0D32C62B68EEEE007B2736 /* Money_PlannerTests.swift in Sources */,
			);
			runOnlyForDeploymentPostprocessing = 0;
		};
		7A610AB02B47FA8E00D3096F /* Sources */ = {
			isa = PBXSourcesBuildPhase;
			buildActionMask = 2147483647;
			files = (
				7A5767722B639A65009A5972 /* NetworkMangager.swift in Sources */,
				7A0D330F2B7DF550007B2736 /* GoalSpending.swift in Sources */,
				7A0D32BE2B68E9B9007B2736 /* GoalConnectionTestVC.swift in Sources */,
				7A0D32E22B6FF81F007B2736 /* PeriodCalendarViewController.swift in Sources */,
				7A610ABC2B47FA8E00D3096F /* LoginViewController.swift in Sources */,
				7A0D32EF2B7359A2007B2736 /* WarnAboutUneditableModal.swift in Sources */,
				206C58D42B623C43008410C1 /* CategoryCell.swift in Sources */,
				7A0D32F32B77E867007B2736 /* UIImage.swift in Sources */,
				7A57676E2B6398B0009A5972 /* Goal.swift in Sources */,
				7A610AF02B49414100D3096F /* RegisterProfileViewController.swift in Sources */,
				7A4C67462B5A4B77008BCAC9 /* MainTextField.swift in Sources */,
				7A0D32E62B710F83007B2736 /* LoadingViewController.swift in Sources */,
				7A0D33062B7D3F4B007B2736 /* now.swift in Sources */,
				7A4C673F2B5A4AC9008BCAC9 /* CheckBtn.swift in Sources */,
				206C58D82B626465008410C1 /* CategoryModalViewController.swift in Sources */,
				7A610AE72B491F1600D3096F /* HeaderView.swift in Sources */,
				D20D6FFA2B5FB971006D6762 /* HomeConsumeView.swift in Sources */,
				D20D6FEF2B5D3909006D6762 /* UIColor.swift in Sources */,
				7A0D330B2B7D4711007B2736 /* GoalReportViewModel.swift in Sources */,
				7A57676B2B639817009A5972 /* GoalViewModel.swift in Sources */,
				7A5767632B6396CF009A5972 /* GoalNameViewController.swift in Sources */,
				7A0D33042B7D3B7E007B2736 /* GoalReport.swift in Sources */,
				D20D6FE52B5AEECB006D6762 /* Date.swift in Sources */,
				552A423E2B671B86007AEAAD /* EditGoalViewController.swift in Sources */,
				20AFDD952B65B882008F8AB9 /* ChooseDateView.swift in Sources */,
				7A0D32FA2B7BFEFF007B2736 /* LabelAndImageBtn.swift in Sources */,
				7A4C67412B5A4AF1008BCAC9 /* MainBottomBtn.swift in Sources */,
				D20D6FDE2B581B20006D6762 /* CALayer.swift in Sources */,
				7A4C67432B5A4B22008BCAC9 /* SmallButtonView.swift in Sources */,
				7A57675D2B6396A8009A5972 /* GoalDailyViewController.swift in Sources */,
				D20D6FF32B5D67B1006D6762 /* Category.swift in Sources */,
				D20D6FEB2B5AF62E006D6762 /* MainWeekDayView.swift in Sources */,
				D20D6FFC2B5FDF00006D6762 /* DailyConsume.swift in Sources */,
				D20D6FFE2B5FDF4C006D6762 /* ConsumeDetail.swift in Sources */,
				7A4C67392B5A4A49008BCAC9 /* MPLabel.swift in Sources */,
				7A610AE52B491ED600D3096F /* Dummy.swift in Sources */,
				7A5767672B6396F1009A5972 /* GoalTotalAmountViewController.swift in Sources */,
				7A610AB82B47FA8E00D3096F /* AppDelegate.swift in Sources */,
				7A5767762B64D64A009A5972 /* CategoryViewModel.swift in Sources */,
				7A0D33112B7DF9DD007B2736 /* GoalCreationManager.swift in Sources */,
				20AFDD912B656034008F8AB9 /* OneDayButton.swift in Sources */,
				206C58DF2B6306FE008410C1 /* CalendartModalViewController.swift in Sources */,
				D20D70042B5FF094006D6762 /* Numeric.swift in Sources */,
				7A610ABA2B47FA8E00D3096F /* SceneDelegate.swift in Sources */,
				7A610AD22B49004200D3096F /* SettingsViewController.swift in Sources */,
				7A0D32E02B6FF5BD007B2736 /* PeriodCalendar.swift in Sources */,
				7A0D32BA2B68E15C007B2736 /* GoalRepository.swift in Sources */,
				7A5767742B639A6F009A5972 /* GoalAPI.swift in Sources */,
				D20D70022B5FF088006D6762 /* Formatter.swift in Sources */,
				7AC060FF2B4C5D78008C0E63 /* Design.swift in Sources */,
				7A0D33012B7D39FC007B2736 /* GoalService.swift in Sources */,
				20AFDD8D2B6418A6008F8AB9 /* RepeatModalViewController.swift in Sources */,
				D20D6FF52B5E5B91006D6762 /* ToggleButton.swift in Sources */,
				7A0D32B82B68E14D007B2736 /* BaseRepository.swift in Sources */,
				7A5767612B6396BE009A5972 /* GoalMainViewController.swift in Sources */,
				7A0D32F12B73860A007B2736 /* DdayLabel.swift in Sources */,
				7A0D32F52B7A52AB007B2736 /* ShowingPeriodSelectionModal.swift in Sources */,
				D20D6FE32B5AED6A006D6762 /* String.swift in Sources */,
				20AFDD8F2B654CB4008F8AB9 /* ChooseDayView.swift in Sources */,
				7A610AEE2B493F6D00D3096F /* RegisterUsageViewController.swift in Sources */,
				7A0D32FC2B7C03D7007B2736 /* TestViewController.swift in Sources */,
				7A0D330D2B7DF524007B2736 /* GoalSpendingViewModel.swift in Sources */,
				D20D6FED2B5B9962006D6762 /* MainCalendarView.swift in Sources */,
				D20D6FE92B5AF1E9006D6762 /* MainMonthView.swift in Sources */,
				7A4C673D2B5A4AAF008BCAC9 /* SubDescriptionView.swift in Sources */,
				7A0D33082B7D3F53007B2736 /* not-now.swift in Sources */,
				D20D6FDA2B581A05006D6762 /* CustomTabBarController.swift in Sources */,
				7A4C673B2B5A4A8D008BCAC9 /* DescriptionView.swift in Sources */,
				5591601C2B64595E00063F06 /* EvaluationViewController.swift in Sources */,
				7A610AD62B49007100D3096F /* BattleViewController.swift in Sources */,
				D29536F12B4C0DF000EEA81F /* UserDefaults.swift in Sources */,
				7A5767592B63968F009A5972 /* GoalCategoryViewController.swift in Sources */,
				7A5767652B6396E0009A5972 /* GoalPeriodVeiwController.swift in Sources */,
				7A57675F2B6396B2009A5972 /* GoalFinalViewController.swift in Sources */,
				7A0D32ED2B7340BF007B2736 /* FoundPreviousConsumeRecordModal.swift in Sources */,
				7A57675B2B63969B009A5972 /* GoalComponents.swift in Sources */,
				20AFDD932B659779008F8AB9 /* RepeatIntervalViewController.swift in Sources */,
				7A0D32B42B68E13A007B2736 /* TestRepository.swift in Sources */,
				7A0D32B22B68E130007B2736 /* TestAPI.swift in Sources */,
				7A0D32BC2B68E23F007B2736 /* BaseResponse.swift in Sources */,
				7A0D32E82B72A4C9007B2736 /* GoalDetailsViewController.swift in Sources */,
				7A610AD92B49009300D3096F /* HomeViewController.swift in Sources */,
				D20D6FF12B5D6635006D6762 /* CategoryButton.swift in Sources */,
				20118A112B56A86100B2569E /* ConsumeViewController.swift in Sources */,
				7A0D32B62B68E142007B2736 /* BaseAPI.swift in Sources */,
				D20D6FDC2B581A5A006D6762 /* UITabBar.swift in Sources */,
				D20D6FF82B5E974D006D6762 /* MainStatistics.swift in Sources */,
			);
			runOnlyForDeploymentPostprocessing = 0;
		};
/* End PBXSourcesBuildPhase section */

/* Begin PBXTargetDependency section */
		7A0D32C82B68EEEE007B2736 /* PBXTargetDependency */ = {
			isa = PBXTargetDependency;
			target = 7A610AB32B47FA8E00D3096F /* Money-Planner */;
			targetProxy = 7A0D32C72B68EEEE007B2736 /* PBXContainerItemProxy */;
		};
/* End PBXTargetDependency section */

/* Begin PBXVariantGroup section */
		7A610AC22B47FA8F00D3096F /* LaunchScreen.storyboard */ = {
			isa = PBXVariantGroup;
			children = (
				7A610AC32B47FA8F00D3096F /* Base */,
			);
			name = LaunchScreen.storyboard;
			sourceTree = "<group>";
		};
/* End PBXVariantGroup section */

/* Begin XCBuildConfiguration section */
		7A0D32CA2B68EEEE007B2736 /* Debug */ = {
			isa = XCBuildConfiguration;
			buildSettings = {
				BUNDLE_LOADER = "$(TEST_HOST)";
				CODE_SIGN_STYLE = Automatic;
				CURRENT_PROJECT_VERSION = 1;
				GENERATE_INFOPLIST_FILE = YES;
				MARKETING_VERSION = 1.0;
				PRODUCT_BUNDLE_IDENTIFIER = "umc.Money-PlannerTests";
				PRODUCT_NAME = "$(TARGET_NAME)";
				SWIFT_EMIT_LOC_STRINGS = NO;
				SWIFT_VERSION = 5.0;
				TARGETED_DEVICE_FAMILY = "1,2";
				TEST_HOST = "$(BUILT_PRODUCTS_DIR)/Money-Planner.app/$(BUNDLE_EXECUTABLE_FOLDER_PATH)/Money-Planner";
			};
			name = Debug;
		};
		7A0D32CB2B68EEEE007B2736 /* Release */ = {
			isa = XCBuildConfiguration;
			buildSettings = {
				BUNDLE_LOADER = "$(TEST_HOST)";
				CODE_SIGN_STYLE = Automatic;
				CURRENT_PROJECT_VERSION = 1;
				GENERATE_INFOPLIST_FILE = YES;
				MARKETING_VERSION = 1.0;
				PRODUCT_BUNDLE_IDENTIFIER = "umc.Money-PlannerTests";
				PRODUCT_NAME = "$(TARGET_NAME)";
				SWIFT_EMIT_LOC_STRINGS = NO;
				SWIFT_VERSION = 5.0;
				TARGETED_DEVICE_FAMILY = "1,2";
				TEST_HOST = "$(BUILT_PRODUCTS_DIR)/Money-Planner.app/$(BUNDLE_EXECUTABLE_FOLDER_PATH)/Money-Planner";
			};
			name = Release;
		};
		7A610AC62B47FA8F00D3096F /* Debug */ = {
			isa = XCBuildConfiguration;
			buildSettings = {
				ALWAYS_SEARCH_USER_PATHS = NO;
				ASSETCATALOG_COMPILER_GENERATE_SWIFT_ASSET_SYMBOL_EXTENSIONS = YES;
				CLANG_ANALYZER_NONNULL = YES;
				CLANG_ANALYZER_NUMBER_OBJECT_CONVERSION = YES_AGGRESSIVE;
				CLANG_CXX_LANGUAGE_STANDARD = "gnu++20";
				CLANG_ENABLE_MODULES = YES;
				CLANG_ENABLE_OBJC_ARC = YES;
				CLANG_ENABLE_OBJC_WEAK = YES;
				CLANG_WARN_BLOCK_CAPTURE_AUTORELEASING = YES;
				CLANG_WARN_BOOL_CONVERSION = YES;
				CLANG_WARN_COMMA = YES;
				CLANG_WARN_CONSTANT_CONVERSION = YES;
				CLANG_WARN_DEPRECATED_OBJC_IMPLEMENTATIONS = YES;
				CLANG_WARN_DIRECT_OBJC_ISA_USAGE = YES_ERROR;
				CLANG_WARN_DOCUMENTATION_COMMENTS = YES;
				CLANG_WARN_EMPTY_BODY = YES;
				CLANG_WARN_ENUM_CONVERSION = YES;
				CLANG_WARN_INFINITE_RECURSION = YES;
				CLANG_WARN_INT_CONVERSION = YES;
				CLANG_WARN_NON_LITERAL_NULL_CONVERSION = YES;
				CLANG_WARN_OBJC_IMPLICIT_RETAIN_SELF = YES;
				CLANG_WARN_OBJC_LITERAL_CONVERSION = YES;
				CLANG_WARN_OBJC_ROOT_CLASS = YES_ERROR;
				CLANG_WARN_QUOTED_INCLUDE_IN_FRAMEWORK_HEADER = YES;
				CLANG_WARN_RANGE_LOOP_ANALYSIS = YES;
				CLANG_WARN_STRICT_PROTOTYPES = YES;
				CLANG_WARN_SUSPICIOUS_MOVE = YES;
				CLANG_WARN_UNGUARDED_AVAILABILITY = YES_AGGRESSIVE;
				CLANG_WARN_UNREACHABLE_CODE = YES;
				CLANG_WARN__DUPLICATE_METHOD_MATCH = YES;
				COPY_PHASE_STRIP = NO;
				DEBUG_INFORMATION_FORMAT = dwarf;
				ENABLE_STRICT_OBJC_MSGSEND = YES;
				ENABLE_TESTABILITY = YES;
				ENABLE_USER_SCRIPT_SANDBOXING = YES;
				GCC_C_LANGUAGE_STANDARD = gnu17;
				GCC_DYNAMIC_NO_PIC = NO;
				GCC_NO_COMMON_BLOCKS = YES;
				GCC_OPTIMIZATION_LEVEL = 0;
				GCC_PREPROCESSOR_DEFINITIONS = (
					"DEBUG=1",
					"$(inherited)",
				);
				GCC_WARN_64_TO_32_BIT_CONVERSION = YES;
				GCC_WARN_ABOUT_RETURN_TYPE = YES_ERROR;
				GCC_WARN_UNDECLARED_SELECTOR = YES;
				GCC_WARN_UNINITIALIZED_AUTOS = YES_AGGRESSIVE;
				GCC_WARN_UNUSED_FUNCTION = YES;
				GCC_WARN_UNUSED_VARIABLE = YES;
				IPHONEOS_DEPLOYMENT_TARGET = 17.2;
				LOCALIZATION_PREFERS_STRING_CATALOGS = YES;
				MTL_ENABLE_DEBUG_INFO = INCLUDE_SOURCE;
				MTL_FAST_MATH = YES;
				ONLY_ACTIVE_ARCH = YES;
				SDKROOT = iphoneos;
				SWIFT_ACTIVE_COMPILATION_CONDITIONS = "DEBUG $(inherited)";
				SWIFT_OPTIMIZATION_LEVEL = "-Onone";
			};
			name = Debug;
		};
		7A610AC72B47FA8F00D3096F /* Release */ = {
			isa = XCBuildConfiguration;
			buildSettings = {
				ALWAYS_SEARCH_USER_PATHS = NO;
				ASSETCATALOG_COMPILER_GENERATE_SWIFT_ASSET_SYMBOL_EXTENSIONS = YES;
				CLANG_ANALYZER_NONNULL = YES;
				CLANG_ANALYZER_NUMBER_OBJECT_CONVERSION = YES_AGGRESSIVE;
				CLANG_CXX_LANGUAGE_STANDARD = "gnu++20";
				CLANG_ENABLE_MODULES = YES;
				CLANG_ENABLE_OBJC_ARC = YES;
				CLANG_ENABLE_OBJC_WEAK = YES;
				CLANG_WARN_BLOCK_CAPTURE_AUTORELEASING = YES;
				CLANG_WARN_BOOL_CONVERSION = YES;
				CLANG_WARN_COMMA = YES;
				CLANG_WARN_CONSTANT_CONVERSION = YES;
				CLANG_WARN_DEPRECATED_OBJC_IMPLEMENTATIONS = YES;
				CLANG_WARN_DIRECT_OBJC_ISA_USAGE = YES_ERROR;
				CLANG_WARN_DOCUMENTATION_COMMENTS = YES;
				CLANG_WARN_EMPTY_BODY = YES;
				CLANG_WARN_ENUM_CONVERSION = YES;
				CLANG_WARN_INFINITE_RECURSION = YES;
				CLANG_WARN_INT_CONVERSION = YES;
				CLANG_WARN_NON_LITERAL_NULL_CONVERSION = YES;
				CLANG_WARN_OBJC_IMPLICIT_RETAIN_SELF = YES;
				CLANG_WARN_OBJC_LITERAL_CONVERSION = YES;
				CLANG_WARN_OBJC_ROOT_CLASS = YES_ERROR;
				CLANG_WARN_QUOTED_INCLUDE_IN_FRAMEWORK_HEADER = YES;
				CLANG_WARN_RANGE_LOOP_ANALYSIS = YES;
				CLANG_WARN_STRICT_PROTOTYPES = YES;
				CLANG_WARN_SUSPICIOUS_MOVE = YES;
				CLANG_WARN_UNGUARDED_AVAILABILITY = YES_AGGRESSIVE;
				CLANG_WARN_UNREACHABLE_CODE = YES;
				CLANG_WARN__DUPLICATE_METHOD_MATCH = YES;
				COPY_PHASE_STRIP = NO;
				DEBUG_INFORMATION_FORMAT = "dwarf-with-dsym";
				ENABLE_NS_ASSERTIONS = NO;
				ENABLE_STRICT_OBJC_MSGSEND = YES;
				ENABLE_USER_SCRIPT_SANDBOXING = YES;
				GCC_C_LANGUAGE_STANDARD = gnu17;
				GCC_NO_COMMON_BLOCKS = YES;
				GCC_WARN_64_TO_32_BIT_CONVERSION = YES;
				GCC_WARN_ABOUT_RETURN_TYPE = YES_ERROR;
				GCC_WARN_UNDECLARED_SELECTOR = YES;
				GCC_WARN_UNINITIALIZED_AUTOS = YES_AGGRESSIVE;
				GCC_WARN_UNUSED_FUNCTION = YES;
				GCC_WARN_UNUSED_VARIABLE = YES;
				IPHONEOS_DEPLOYMENT_TARGET = 17.2;
				LOCALIZATION_PREFERS_STRING_CATALOGS = YES;
				MTL_ENABLE_DEBUG_INFO = NO;
				MTL_FAST_MATH = YES;
				SDKROOT = iphoneos;
				SWIFT_COMPILATION_MODE = wholemodule;
				VALIDATE_PRODUCT = YES;
			};
			name = Release;
		};
		7A610AC92B47FA8F00D3096F /* Debug */ = {
			isa = XCBuildConfiguration;
			buildSettings = {
				ASSETCATALOG_COMPILER_APPICON_NAME = AppIcon;
				ASSETCATALOG_COMPILER_GLOBAL_ACCENT_COLOR_NAME = AccentColor;
				CODE_SIGN_ENTITLEMENTS = "Money-Planner/Money-Planner.entitlements";
				CODE_SIGN_STYLE = Automatic;
				CURRENT_PROJECT_VERSION = 1;
				DEVELOPMENT_TEAM = 97CYTD232Q;
				GENERATE_INFOPLIST_FILE = YES;
				INFOPLIST_FILE = "Money-Planner/Info.plist";
				INFOPLIST_KEY_UIApplicationSupportsIndirectInputEvents = YES;
				INFOPLIST_KEY_UILaunchStoryboardName = LaunchScreen;
				INFOPLIST_KEY_UIMainStoryboardFile = "";
				INFOPLIST_KEY_UISupportedInterfaceOrientations_iPad = "UIInterfaceOrientationPortrait UIInterfaceOrientationPortraitUpsideDown UIInterfaceOrientationLandscapeLeft UIInterfaceOrientationLandscapeRight";
				INFOPLIST_KEY_UISupportedInterfaceOrientations_iPhone = "UIInterfaceOrientationPortrait UIInterfaceOrientationLandscapeLeft UIInterfaceOrientationLandscapeRight";
				IPHONEOS_DEPLOYMENT_TARGET = 16.0;
				LD_RUNPATH_SEARCH_PATHS = (
					"$(inherited)",
					"@executable_path/Frameworks",
				);
				MARKETING_VERSION = 1.0;
				PRODUCT_BUNDLE_IDENTIFIER = "com.umc.Money-Planner";
				PRODUCT_NAME = "$(TARGET_NAME)";
				SWIFT_EMIT_LOC_STRINGS = YES;
				SWIFT_VERSION = 5.0;
				TARGETED_DEVICE_FAMILY = "1,2";
			};
			name = Debug;
		};
		7A610ACA2B47FA8F00D3096F /* Release */ = {
			isa = XCBuildConfiguration;
			buildSettings = {
				ASSETCATALOG_COMPILER_APPICON_NAME = AppIcon;
				ASSETCATALOG_COMPILER_GLOBAL_ACCENT_COLOR_NAME = AccentColor;
				CODE_SIGN_ENTITLEMENTS = "Money-Planner/Money-Planner.entitlements";
				CODE_SIGN_STYLE = Automatic;
				CURRENT_PROJECT_VERSION = 1;
				DEVELOPMENT_TEAM = 97CYTD232Q;
				GENERATE_INFOPLIST_FILE = YES;
				INFOPLIST_FILE = "Money-Planner/Info.plist";
				INFOPLIST_KEY_UIApplicationSupportsIndirectInputEvents = YES;
				INFOPLIST_KEY_UILaunchStoryboardName = LaunchScreen;
				INFOPLIST_KEY_UIMainStoryboardFile = "";
				INFOPLIST_KEY_UISupportedInterfaceOrientations_iPad = "UIInterfaceOrientationPortrait UIInterfaceOrientationPortraitUpsideDown UIInterfaceOrientationLandscapeLeft UIInterfaceOrientationLandscapeRight";
				INFOPLIST_KEY_UISupportedInterfaceOrientations_iPhone = "UIInterfaceOrientationPortrait UIInterfaceOrientationLandscapeLeft UIInterfaceOrientationLandscapeRight";
				IPHONEOS_DEPLOYMENT_TARGET = 16.0;
				LD_RUNPATH_SEARCH_PATHS = (
					"$(inherited)",
					"@executable_path/Frameworks",
				);
				MARKETING_VERSION = 1.0;
				PRODUCT_BUNDLE_IDENTIFIER = "com.umc.Money-Planner";
				PRODUCT_NAME = "$(TARGET_NAME)";
				SWIFT_EMIT_LOC_STRINGS = YES;
				SWIFT_VERSION = 5.0;
				TARGETED_DEVICE_FAMILY = "1,2";
			};
			name = Release;
		};
/* End XCBuildConfiguration section */

/* Begin XCConfigurationList section */
		7A0D32C92B68EEEE007B2736 /* Build configuration list for PBXNativeTarget "Money-PlannerTests" */ = {
			isa = XCConfigurationList;
			buildConfigurations = (
				7A0D32CA2B68EEEE007B2736 /* Debug */,
				7A0D32CB2B68EEEE007B2736 /* Release */,
			);
			defaultConfigurationIsVisible = 0;
			defaultConfigurationName = Release;
		};
		7A610AAF2B47FA8E00D3096F /* Build configuration list for PBXProject "Money-Planner" */ = {
			isa = XCConfigurationList;
			buildConfigurations = (
				7A610AC62B47FA8F00D3096F /* Debug */,
				7A610AC72B47FA8F00D3096F /* Release */,
			);
			defaultConfigurationIsVisible = 0;
			defaultConfigurationName = Release;
		};
		7A610AC82B47FA8F00D3096F /* Build configuration list for PBXNativeTarget "Money-Planner" */ = {
			isa = XCConfigurationList;
			buildConfigurations = (
				7A610AC92B47FA8F00D3096F /* Debug */,
				7A610ACA2B47FA8F00D3096F /* Release */,
			);
			defaultConfigurationIsVisible = 0;
			defaultConfigurationName = Release;
		};
/* End XCConfigurationList section */

/* Begin XCRemoteSwiftPackageReference section */
		7A0D32CD2B68EF3A007B2736 /* XCRemoteSwiftPackageReference "RxSwift" */ = {
			isa = XCRemoteSwiftPackageReference;
			repositoryURL = "https://github.com/ReactiveX/RxSwift";
			requirement = {
				kind = upToNextMajorVersion;
				minimumVersion = 6.6.0;
			};
		};
		7A0D32D42B6CAB92007B2736 /* XCRemoteSwiftPackageReference "kakao-ios-sdk-rx" */ = {
			isa = XCRemoteSwiftPackageReference;
			repositoryURL = "https://github.com/kakao/kakao-ios-sdk-rx";
			requirement = {
				kind = upToNextMajorVersion;
				minimumVersion = 2.20.0;
			};
		};
		7A0D32E92B72BC3F007B2736 /* XCRemoteSwiftPackageReference "FSCalendar" */ = {
			isa = XCRemoteSwiftPackageReference;
			repositoryURL = "https://github.com/WenchaoD/FSCalendar";
			requirement = {
				kind = upToNextMajorVersion;
				minimumVersion = 2.8.4;
			};
		};
		7A610ADA2B4900C800D3096F /* XCRemoteSwiftPackageReference "Moya" */ = {
			isa = XCRemoteSwiftPackageReference;
			repositoryURL = "https://github.com/Moya/Moya";
			requirement = {
				kind = upToNextMajorVersion;
				minimumVersion = 15.0.3;
			};
		};
/* End XCRemoteSwiftPackageReference section */

/* Begin XCSwiftPackageProductDependency section */
		7A0D32CE2B68EF4D007B2736 /* RxCocoa */ = {
			isa = XCSwiftPackageProductDependency;
			package = 7A0D32CD2B68EF3A007B2736 /* XCRemoteSwiftPackageReference "RxSwift" */;
			productName = RxCocoa;
		};
		7A0D32D02B68EFBB007B2736 /* RxCocoa */ = {
			isa = XCSwiftPackageProductDependency;
			package = 7A0D32CD2B68EF3A007B2736 /* XCRemoteSwiftPackageReference "RxSwift" */;
			productName = RxCocoa;
		};
		7A0D32D72B6F5DDD007B2736 /* RxKakaoSDK */ = {
			isa = XCSwiftPackageProductDependency;
			package = 7A0D32D42B6CAB92007B2736 /* XCRemoteSwiftPackageReference "kakao-ios-sdk-rx" */;
			productName = RxKakaoSDK;
		};
		7A0D32D92B6F5DDD007B2736 /* RxKakaoSDKAuth */ = {
			isa = XCSwiftPackageProductDependency;
			package = 7A0D32D42B6CAB92007B2736 /* XCRemoteSwiftPackageReference "kakao-ios-sdk-rx" */;
			productName = RxKakaoSDKAuth;
		};
		7A0D32DB2B6F5DDD007B2736 /* RxKakaoSDKCommon */ = {
			isa = XCSwiftPackageProductDependency;
			package = 7A0D32D42B6CAB92007B2736 /* XCRemoteSwiftPackageReference "kakao-ios-sdk-rx" */;
			productName = RxKakaoSDKCommon;
		};
		7A0D32DD2B6F5DDD007B2736 /* RxKakaoSDKUser */ = {
			isa = XCSwiftPackageProductDependency;
			package = 7A0D32D42B6CAB92007B2736 /* XCRemoteSwiftPackageReference "kakao-ios-sdk-rx" */;
			productName = RxKakaoSDKUser;
		};
		7A0D32EA2B72BC3F007B2736 /* FSCalendar */ = {
			isa = XCSwiftPackageProductDependency;
			package = 7A0D32E92B72BC3F007B2736 /* XCRemoteSwiftPackageReference "FSCalendar" */;
			productName = FSCalendar;
		};
		7A610ADB2B4900C800D3096F /* CombineMoya */ = {
			isa = XCSwiftPackageProductDependency;
			package = 7A610ADA2B4900C800D3096F /* XCRemoteSwiftPackageReference "Moya" */;
			productName = CombineMoya;
		};
		7A610ADD2B4900C800D3096F /* Moya */ = {
			isa = XCSwiftPackageProductDependency;
			package = 7A610ADA2B4900C800D3096F /* XCRemoteSwiftPackageReference "Moya" */;
			productName = Moya;
		};
		7A610ADF2B4900C800D3096F /* ReactiveMoya */ = {
			isa = XCSwiftPackageProductDependency;
			package = 7A610ADA2B4900C800D3096F /* XCRemoteSwiftPackageReference "Moya" */;
			productName = ReactiveMoya;
		};
		7A610AE12B4900C800D3096F /* RxMoya */ = {
			isa = XCSwiftPackageProductDependency;
			package = 7A610ADA2B4900C800D3096F /* XCRemoteSwiftPackageReference "Moya" */;
			productName = RxMoya;
		};
/* End XCSwiftPackageProductDependency section */
	};
	rootObject = 7A610AAC2B47FA8E00D3096F /* Project object */;
}
